
Microsoft Visual Studio Solution File, Format Version 12.00
# Visual Studio Version 16
VisualStudioVersion = 16.0.28803.452
MinimumVisualStudioVersion = 10.0.40219.1
Project("{8BC9CEB8-8B4A-11D0-8D11-00A0C91BC942}") = "CubeView", "CubeView.vcxproj", "{C60A56E4-3E32-4AEC-942B-8CA7791F8501}"
EndProject
Project("{8BC9CEB8-8B4A-11D0-8D11-00A0C91BC942}") = "Demo", "Demo.vcxproj", "{8DC079D4-ECFF-4DB8-9DD3-80BB7DB5E2CA}"
EndProject
Project("{8BC9CEB8-8B4A-11D0-8D11-00A0C91BC942}") = "Fluid", "Fluid.vcxproj", "{4D47A8F4-75BA-46AA-A96A-F7AEE5983FF3}"
EndProject
Project("{8BC9CEB8-8B4A-11D0-8D11-00A0C91BC942}") = "adjuster", "adjuster.vcxproj", "{1E7C8018-63AB-49F8-B2CA-135DC308C268}"
EndProject
Project("{8BC9CEB8-8B4A-11D0-8D11-00A0C91BC942}") = "arc", "arc.vcxproj", "{6A0B68FF-967E-4A3D-8649-091E77379DBB}"
EndProject
Project("{8BC9CEB8-8B4A-11D0-8D11-00A0C91BC942}") = "ask", "ask.vcxproj", "{553D6A65-130F-48AC-B5E6-67EF9D1947FE}"
EndProject
Project("{8BC9CEB8-8B4A-11D0-8D11-00A0C91BC942}") = "bitmap", "bitmap.vcxproj", "{57312B66-1DC9-4A3C-97AC-8B4F0D0952CE}"
EndProject
Project("{8BC9CEB8-8B4A-11D0-8D11-00A0C91BC942}") = "blocks", "blocks.vcxproj", "{1507F474-8885-412A-92C1-BEBB3832E69A}"
EndProject
Project("{8BC9CEB8-8B4A-11D0-8D11-00A0C91BC942}") = "boxtype", "boxtype.vcxproj", "{DC834F04-8D8F-46ED-BCA4-84157D659D09}"
EndProject
Project("{8BC9CEB8-8B4A-11D0-8D11-00A0C91BC942}") = "browser", "browser.vcxproj", "{51C7CAB0-34D3-4BEB-A371-1B9AD49A3B7F}"
EndProject
Project("{8BC9CEB8-8B4A-11D0-8D11-00A0C91BC942}") = "button", "button.vcxproj", "{BB8D5BEF-61D0-41AE-8262-2F8628D35E5C}"
EndProject
Project("{8BC9CEB8-8B4A-11D0-8D11-00A0C91BC942}") = "buttons", "buttons.vcxproj", "{8C72A3FF-7302-4B76-9B1F-E8388096339C}"
EndProject
Project("{8BC9CEB8-8B4A-11D0-8D11-00A0C91BC942}") = "checkers", "checkers.vcxproj", "{8F9DFFB6-6ECC-451B-8E56-C3D47102296E}"
EndProject
Project("{8BC9CEB8-8B4A-11D0-8D11-00A0C91BC942}") = "clock", "clock.vcxproj", "{3E395DB3-DF5A-424F-8FFE-4764735980D4}"
EndProject
Project("{8BC9CEB8-8B4A-11D0-8D11-00A0C91BC942}") = "colbrowser", "colbrowser.vcxproj", "{A8FB54A6-8727-4FAB-9740-CEE84DC84FC2}"
EndProject
Project("{8BC9CEB8-8B4A-11D0-8D11-00A0C91BC942}") = "color_chooser", "color_chooser.vcxproj", "{503DFFDD-FF12-4EEC-81E5-B4C72635E882}"
EndProject
Project("{8BC9CEB8-8B4A-11D0-8D11-00A0C91BC942}") = "cube", "cube.vcxproj", "{252E9CA9-3B56-4FE6-A8F1-2808B626A435}"
EndProject
Project("{8BC9CEB8-8B4A-11D0-8D11-00A0C91BC942}") = "cursor", "cursor.vcxproj", "{94105BFE-7EBE-4CA4-A389-DFEBE4304CA5}"
EndProject
Project("{8BC9CEB8-8B4A-11D0-8D11-00A0C91BC942}") = "curve", "curve.vcxproj", "{0946A7E9-C351-4EBB-AF24-384ECE3FD75B}"
EndProject
Project("{8BC9CEB8-8B4A-11D0-8D11-00A0C91BC942}") = "device", "device.vcxproj", "{B62A13AF-8AB1-4802-8D6E-E46654F96FD6}"
EndProject
Project("{8BC9CEB8-8B4A-11D0-8D11-00A0C91BC942}") = "doublebuffer", "doublebuffer.vcxproj", "{CCF653F1-852D-4386-A641-75E87A09237B}"
EndProject
Project("{8BC9CEB8-8B4A-11D0-8D11-00A0C91BC942}") = "editor", "editor.vcxproj", "{1854158A-4707-487A-B180-FBDCB0FEF5C8}"
EndProject
Project("{8BC9CEB8-8B4A-11D0-8D11-00A0C91BC942}") = "fast_slow", "fast_slow.vcxproj", "{258FC25B-2B6A-4283-BA8A-5F324DB6BFE7}"
EndProject
Project("{8BC9CEB8-8B4A-11D0-8D11-00A0C91BC942}") = "file_chooser", "file_chooser.vcxproj", "{9879BA4C-A300-4C65-A696-C2287596DBCD}"
EndProject
Project("{8BC9CEB8-8B4A-11D0-8D11-00A0C91BC942}") = "fltk", "fltk.vcxproj", "{EC09BF3B-515F-49B9-8B01-BAAEC47772AB}"
EndProject
Project("{8BC9CEB8-8B4A-11D0-8D11-00A0C91BC942}") = "fltk_forms", "fltk_forms.vcxproj", "{FCB96C9A-2210-40FD-BCBC-1A7DB248DF3D}"
EndProject
Project("{8BC9CEB8-8B4A-11D0-8D11-00A0C91BC942}") = "fltk_formsdll", "fltk_formsdll.vcxproj", "{12AEA949-8474-4571-A170-D0D6065EEB7E}"
EndProject
Project("{8BC9CEB8-8B4A-11D0-8D11-00A0C91BC942}") = "fltk_gl", "fltk_gl.vcxproj", "{4D11CB71-F36A-411F-9926-3CAACD087B23}"
EndProject
Project("{8BC9CEB8-8B4A-11D0-8D11-00A0C91BC942}") = "fltk_gldll", "fltk_gldll.vcxproj", "{B590FBB2-6D35-4A03-A4B5-452096C060B7}"
EndProject
Project("{8BC9CEB8-8B4A-11D0-8D11-00A0C91BC942}") = "fltk_images", "fltk_images.vcxproj", "{3A35EF6E-FDDC-4DDA-BB38-4D315C2664DC}"
EndProject
Project("{8BC9CEB8-8B4A-11D0-8D11-00A0C91BC942}") = "fltk_imagesdll", "fltk_imagesdll.vcxproj", "{34728167-5450-4DC7-9D71-18FAF2AE1837}"
EndProject
Project("{8BC9CEB8-8B4A-11D0-8D11-00A0C91BC942}") = "fltk_jpeg", "fltk_jpeg.vcxproj", "{799DF36C-86A8-4C56-8D50-F7F4BE6C747B}"
EndProject
Project("{8BC9CEB8-8B4A-11D0-8D11-00A0C91BC942}") = "fltk_jpegdll", "fltk_jpegdll.vcxproj", "{54B23751-1FB7-4CE9-BEAE-5A3C1BEB5DE5}"
EndProject
Project("{8BC9CEB8-8B4A-11D0-8D11-00A0C91BC942}") = "fltk_png", "fltk_png.vcxproj", "{F1C4393C-A8E7-4FAA-8FDE-60B881994C63}"
EndProject
Project("{8BC9CEB8-8B4A-11D0-8D11-00A0C91BC942}") = "fltk_pngdll", "fltk_pngdll.vcxproj", "{B3686DF1-31C0-4E2C-AE58-2B27F8C0F69A}"
EndProject
Project("{8BC9CEB8-8B4A-11D0-8D11-00A0C91BC942}") = "fltk_zlib", "fltk_zlib.vcxproj", "{4D066190-A224-48A0-95A4-0EFF8EB03EF5}"
EndProject
Project("{8BC9CEB8-8B4A-11D0-8D11-00A0C91BC942}") = "fltk_zlibdll", "fltk_zlibdll.vcxproj", "{ECA15EFE-63A8-4A89-8A8F-D24F1079A9B8}"
EndProject
Project("{8BC9CEB8-8B4A-11D0-8D11-00A0C91BC942}") = "fltkdll", "fltkdll.vcxproj", "{890B3BB8-E6C3-4DAB-A1C0-82A3DBDD0747}"
EndProject
Project("{8BC9CEB8-8B4A-11D0-8D11-00A0C91BC942}") = "fonts", "fonts.vcxproj", "{F4B86F01-5C2E-4810-98A0-A8179FD0678B}"
EndProject
Project("{8BC9CEB8-8B4A-11D0-8D11-00A0C91BC942}") = "forms", "forms.vcxproj", "{68EAAF3E-D713-4601-A8A4-3332470BC861}"
EndProject
Project("{8BC9CEB8-8B4A-11D0-8D11-00A0C91BC942}") = "fractals", "fractals.vcxproj", "{D7EC3001-B269-4B30-9675-FBE5B0ACE36A}"
EndProject
Project("{8BC9CEB8-8B4A-11D0-8D11-00A0C91BC942}") = "fullscreen", "fullscreen.vcxproj", "{A224E7E5-E60B-4D43-90A0-1775694F3D81}"
EndProject
Project("{8BC9CEB8-8B4A-11D0-8D11-00A0C91BC942}") = "gl_overlay", "gl_overlay.vcxproj", "{558DE108-3102-4343-AB11-D0CC98E201DA}"
EndProject
Project("{8BC9CEB8-8B4A-11D0-8D11-00A0C91BC942}") = "glpuzzle", "glpuzzle.vcxproj", "{22530362-37C9-47CE-837F-6E7E99324644}"
EndProject
Project("{8BC9CEB8-8B4A-11D0-8D11-00A0C91BC942}") = "hello", "hello.vcxproj", "{E9A5A2EC-47E5-471D-BF8D-5F3ADE927942}"
EndProject
Project("{8BC9CEB8-8B4A-11D0-8D11-00A0C91BC942}") = "help", "help.vcxproj", "{1CA3A7A4-4D89-480C-A35D-A26537546DF1}"
EndProject
Project("{8BC9CEB8-8B4A-11D0-8D11-00A0C91BC942}") = "iconize", "iconize.vcxproj", "{8521339B-498F-4A15-9619-69121A8BE47E}"
EndProject
Project("{8BC9CEB8-8B4A-11D0-8D11-00A0C91BC942}") = "image", "image.vcxproj", "{5EE013EB-DF70-40B7-8DE5-68628CAAA66D}"
EndProject
Project("{8BC9CEB8-8B4A-11D0-8D11-00A0C91BC942}") = "inactive", "inactive.vcxproj", "{B28D3ABA-8A26-4976-9B43-E19127FA17A1}"
EndProject
Project("{8BC9CEB8-8B4A-11D0-8D11-00A0C91BC942}") = "input", "input.vcxproj", "{1FAAB7E2-1A10-4D0A-B095-F920CEFF02F2}"
EndProject
Project("{8BC9CEB8-8B4A-11D0-8D11-00A0C91BC942}") = "input_choice", "input_choice.vcxproj", "{8D7422A3-2138-46F4-AFE9-A61EA5F6397D}"
EndProject
Project("{8BC9CEB8-8B4A-11D0-8D11-00A0C91BC942}") = "keyboard", "keyboard.vcxproj", "{5F44A3B3-3253-4A57-BCC0-5DF641DB95B5}"
EndProject
Project("{8BC9CEB8-8B4A-11D0-8D11-00A0C91BC942}") = "label", "label.vcxproj", "{A6ED31C2-6341-4F67-9708-0DA713C42F36}"
EndProject
Project("{8BC9CEB8-8B4A-11D0-8D11-00A0C91BC942}") = "line_style", "line_style.vcxproj", "{279B1569-733A-4778-8C20-015A9AF47BB6}"
EndProject
Project("{8BC9CEB8-8B4A-11D0-8D11-00A0C91BC942}") = "list_visuals", "list_visuals.vcxproj", "{4B004A03-B29E-4D60-A4A9-DA5214EA54A7}"
EndProject
Project("{8BC9CEB8-8B4A-11D0-8D11-00A0C91BC942}") = "mandelbrot", "mandelbrot.vcxproj", "{B3E2694C-1D7B-42F7-AEAB-BA1AF45BB3E8}"
EndProject
Project("{8BC9CEB8-8B4A-11D0-8D11-00A0C91BC942}") = "menubar", "menubar.vcxproj", "{6902EE7E-5914-49F1-AA6E-798E3C510413}"
EndProject
Project("{8BC9CEB8-8B4A-11D0-8D11-00A0C91BC942}") = "message", "message.vcxproj", "{F2FFF8B3-324E-4DFD-88EC-14D5080E96E0}"
EndProject
Project("{8BC9CEB8-8B4A-11D0-8D11-00A0C91BC942}") = "minimum", "minimum.vcxproj", "{4110D883-792C-4A02-8016-E75F380867C9}"
EndProject
Project("{8BC9CEB8-8B4A-11D0-8D11-00A0C91BC942}") = "native-filechooser", "native-filechooser.vcxproj", "{D31A4781-0287-4E2E-A3AF-0C13F3C26332}"
EndProject
Project("{8BC9CEB8-8B4A-11D0-8D11-00A0C91BC942}") = "navigation", "navigation.vcxproj", "{D73A2050-EB5A-4E9B-ABF6-EAE1EA69B95F}"
EndProject
Project("{8BC9CEB8-8B4A-11D0-8D11-00A0C91BC942}") = "output", "output.vcxproj", "{084CEC29-8A75-43E4-A65F-2AB5F37EE645}"
EndProject
Project("{8BC9CEB8-8B4A-11D0-8D11-00A0C91BC942}") = "overlay", "overlay.vcxproj", "{B57EA22F-8A47-41F8-801E-75CDDBE3F3BD}"
EndProject
Project("{8BC9CEB8-8B4A-11D0-8D11-00A0C91BC942}") = "pack", "pack.vcxproj", "{42EC456D-F9D2-4C27-B2E7-514CE8A11E7C}"
EndProject
Project("{8BC9CEB8-8B4A-11D0-8D11-00A0C91BC942}") = "pixmap", "pixmap.vcxproj", "{42989339-F74D-44AF-AB97-8405A08CB4E7}"
EndProject
Project("{8BC9CEB8-8B4A-11D0-8D11-00A0C91BC942}") = "pixmap_browser", "pixmap_browser.vcxproj", "{9A39E004-8613-4AB4-B5FC-2CE545558319}"
EndProject
Project("{8BC9CEB8-8B4A-11D0-8D11-00A0C91BC942}") = "preferences", "preferences.vcxproj", "{3F31295A-E75D-4632-887E-AEBC3194348B}"
EndProject
Project("{8BC9CEB8-8B4A-11D0-8D11-00A0C91BC942}") = "radio", "radio.vcxproj", "{C21AA6C1-7676-47EF-9FE6-E979AF587DB3}"
EndProject
Project("{8BC9CEB8-8B4A-11D0-8D11-00A0C91BC942}") = "resize", "resize.vcxproj", "{12B91E43-AB61-4B5E-943A-2596AD7364AE}"
EndProject
Project("{8BC9CEB8-8B4A-11D0-8D11-00A0C91BC942}") = "resizebox", "resizebox.vcxproj", "{992EE1EF-33D0-42C3-9502-3A7FEE74DA66}"
EndProject
Project("{8BC9CEB8-8B4A-11D0-8D11-00A0C91BC942}") = "rotated_text", "rotated_text.vcxproj", "{9EE373B3-905F-406E-AAFD-DACE9258046C}"
EndProject
Project("{8BC9CEB8-8B4A-11D0-8D11-00A0C91BC942}") = "scroll", "scroll.vcxproj", "{D3D5C599-CBCC-4A61-9B61-779127023866}"
EndProject
Project("{8BC9CEB8-8B4A-11D0-8D11-00A0C91BC942}") = "shape", "shape.vcxproj", "{284029D1-4032-4477-A8E7-F279CD5BD5E2}"
EndProject
Project("{8BC9CEB8-8B4A-11D0-8D11-00A0C91BC942}") = "subwindow", "subwindow.vcxproj", "{55537C0B-52F8-4814-9134-ABB7AB648195}"
EndProject
Project("{8BC9CEB8-8B4A-11D0-8D11-00A0C91BC942}") = "sudoku", "sudoku.vcxproj", "{4D179137-AA66-4D4A-B188-E95CF232C3C6}"
EndProject
Project("{8BC9CEB8-8B4A-11D0-8D11-00A0C91BC942}") = "symbols", "symbols.vcxproj", "{0162BC87-EF43-4197-B9BB-093640A77BEA}"
EndProject
Project("{8BC9CEB8-8B4A-11D0-8D11-00A0C91BC942}") = "table", "table.vcxproj", "{18B88EE4-3ABC-4646-85E8-0FD7B38CD444}"
EndProject
Project("{8BC9CEB8-8B4A-11D0-8D11-00A0C91BC942}") = "tabs", "tabs.vcxproj", "{B239531D-C2A7-42F5-9BF9-4D1BCACF3624}"
EndProject
Project("{8BC9CEB8-8B4A-11D0-8D11-00A0C91BC942}") = "threads", "threads.vcxproj", "{3DDA1FBF-8AA4-43D3-8D91-F3EA06DCA594}"
EndProject
Project("{8BC9CEB8-8B4A-11D0-8D11-00A0C91BC942}") = "tile", "tile.vcxproj", "{D20E1D1F-2677-425F-846E-4E1BDDA73DC3}"
EndProject
Project("{8BC9CEB8-8B4A-11D0-8D11-00A0C91BC942}") = "tiled_image", "tiled_image.vcxproj", "{E56C714F-810A-4B0D-95E8-FE4D4062DB89}"
EndProject
Project("{8BC9CEB8-8B4A-11D0-8D11-00A0C91BC942}") = "tree", "tree.vcxproj", "{9C1C0109-62C4-4B36-8472-F5DB9EB15460}"
EndProject
Project("{8BC9CEB8-8B4A-11D0-8D11-00A0C91BC942}") = "utf8", "utf8.vcxproj", "{0F05074D-E7F7-46D0-9523-C416989362DD}"
EndProject
Project("{8BC9CEB8-8B4A-11D0-8D11-00A0C91BC942}") = "valuators", "valuators.vcxproj", "{6F7CA2EC-92DB-423E-AD42-27BD4A99E0AA}"
EndProject
Global
	GlobalSection(SolutionConfigurationPlatforms) = preSolution
		Debug|x86 = Debug|x86
		Release|x86 = Release|x86
		Template|x86 = Template|x86
	EndGlobalSection
	GlobalSection(ProjectConfigurationPlatforms) = postSolution
		{C60A56E4-3E32-4AEC-942B-8CA7791F8501}.Debug|x86.ActiveCfg = Debug|Win32
		{C60A56E4-3E32-4AEC-942B-8CA7791F8501}.Debug|x86.Build.0 = Debug|Win32
		{C60A56E4-3E32-4AEC-942B-8CA7791F8501}.Release|x86.ActiveCfg = Release|Win32
		{C60A56E4-3E32-4AEC-942B-8CA7791F8501}.Release|x86.Build.0 = Release|Win32
		{C60A56E4-3E32-4AEC-942B-8CA7791F8501}.Template|x86.ActiveCfg = Release|Win32
		{C60A56E4-3E32-4AEC-942B-8CA7791F8501}.Template|x86.Build.0 = Release|Win32
		{8DC079D4-ECFF-4DB8-9DD3-80BB7DB5E2CA}.Debug|x86.ActiveCfg = Debug|Win32
		{8DC079D4-ECFF-4DB8-9DD3-80BB7DB5E2CA}.Debug|x86.Build.0 = Debug|Win32
		{8DC079D4-ECFF-4DB8-9DD3-80BB7DB5E2CA}.Release|x86.ActiveCfg = Release|Win32
		{8DC079D4-ECFF-4DB8-9DD3-80BB7DB5E2CA}.Release|x86.Build.0 = Release|Win32
		{8DC079D4-ECFF-4DB8-9DD3-80BB7DB5E2CA}.Template|x86.ActiveCfg = Template|Win32
		{8DC079D4-ECFF-4DB8-9DD3-80BB7DB5E2CA}.Template|x86.Build.0 = Template|Win32
		{4D47A8F4-75BA-46AA-A96A-F7AEE5983FF3}.Debug|x86.ActiveCfg = Debug|Win32
		{4D47A8F4-75BA-46AA-A96A-F7AEE5983FF3}.Debug|x86.Build.0 = Debug|Win32
		{4D47A8F4-75BA-46AA-A96A-F7AEE5983FF3}.Release|x86.ActiveCfg = Release|Win32
		{4D47A8F4-75BA-46AA-A96A-F7AEE5983FF3}.Release|x86.Build.0 = Release|Win32
		{4D47A8F4-75BA-46AA-A96A-F7AEE5983FF3}.Template|x86.ActiveCfg = Template|Win32
		{4D47A8F4-75BA-46AA-A96A-F7AEE5983FF3}.Template|x86.Build.0 = Template|Win32
		{1E7C8018-63AB-49F8-B2CA-135DC308C268}.Debug|x86.ActiveCfg = Debug|Win32
		{1E7C8018-63AB-49F8-B2CA-135DC308C268}.Debug|x86.Build.0 = Debug|Win32
		{1E7C8018-63AB-49F8-B2CA-135DC308C268}.Release|x86.ActiveCfg = Release|Win32
		{1E7C8018-63AB-49F8-B2CA-135DC308C268}.Release|x86.Build.0 = Release|Win32
		{1E7C8018-63AB-49F8-B2CA-135DC308C268}.Template|x86.ActiveCfg = Template|Win32
		{1E7C8018-63AB-49F8-B2CA-135DC308C268}.Template|x86.Build.0 = Template|Win32
		{6A0B68FF-967E-4A3D-8649-091E77379DBB}.Debug|x86.ActiveCfg = Debug|Win32
		{6A0B68FF-967E-4A3D-8649-091E77379DBB}.Debug|x86.Build.0 = Debug|Win32
		{6A0B68FF-967E-4A3D-8649-091E77379DBB}.Release|x86.ActiveCfg = Release|Win32
		{6A0B68FF-967E-4A3D-8649-091E77379DBB}.Release|x86.Build.0 = Release|Win32
		{6A0B68FF-967E-4A3D-8649-091E77379DBB}.Template|x86.ActiveCfg = Template|Win32
		{6A0B68FF-967E-4A3D-8649-091E77379DBB}.Template|x86.Build.0 = Template|Win32
		{553D6A65-130F-48AC-B5E6-67EF9D1947FE}.Debug|x86.ActiveCfg = Debug|Win32
		{553D6A65-130F-48AC-B5E6-67EF9D1947FE}.Debug|x86.Build.0 = Debug|Win32
		{553D6A65-130F-48AC-B5E6-67EF9D1947FE}.Release|x86.ActiveCfg = Release|Win32
		{553D6A65-130F-48AC-B5E6-67EF9D1947FE}.Release|x86.Build.0 = Release|Win32
		{553D6A65-130F-48AC-B5E6-67EF9D1947FE}.Template|x86.ActiveCfg = Template|Win32
		{553D6A65-130F-48AC-B5E6-67EF9D1947FE}.Template|x86.Build.0 = Template|Win32
		{57312B66-1DC9-4A3C-97AC-8B4F0D0952CE}.Debug|x86.ActiveCfg = Debug|Win32
		{57312B66-1DC9-4A3C-97AC-8B4F0D0952CE}.Debug|x86.Build.0 = Debug|Win32
		{57312B66-1DC9-4A3C-97AC-8B4F0D0952CE}.Release|x86.ActiveCfg = Release|Win32
		{57312B66-1DC9-4A3C-97AC-8B4F0D0952CE}.Release|x86.Build.0 = Release|Win32
		{57312B66-1DC9-4A3C-97AC-8B4F0D0952CE}.Template|x86.ActiveCfg = Template|Win32
		{57312B66-1DC9-4A3C-97AC-8B4F0D0952CE}.Template|x86.Build.0 = Template|Win32
		{1507F474-8885-412A-92C1-BEBB3832E69A}.Debug|x86.ActiveCfg = Debug|Win32
		{1507F474-8885-412A-92C1-BEBB3832E69A}.Debug|x86.Build.0 = Debug|Win32
		{1507F474-8885-412A-92C1-BEBB3832E69A}.Release|x86.ActiveCfg = Release|Win32
		{1507F474-8885-412A-92C1-BEBB3832E69A}.Release|x86.Build.0 = Release|Win32
		{1507F474-8885-412A-92C1-BEBB3832E69A}.Template|x86.ActiveCfg = Template|Win32
		{1507F474-8885-412A-92C1-BEBB3832E69A}.Template|x86.Build.0 = Template|Win32
		{DC834F04-8D8F-46ED-BCA4-84157D659D09}.Debug|x86.ActiveCfg = Debug|Win32
		{DC834F04-8D8F-46ED-BCA4-84157D659D09}.Debug|x86.Build.0 = Debug|Win32
		{DC834F04-8D8F-46ED-BCA4-84157D659D09}.Release|x86.ActiveCfg = Release|Win32
		{DC834F04-8D8F-46ED-BCA4-84157D659D09}.Release|x86.Build.0 = Release|Win32
		{DC834F04-8D8F-46ED-BCA4-84157D659D09}.Template|x86.ActiveCfg = Template|Win32
		{DC834F04-8D8F-46ED-BCA4-84157D659D09}.Template|x86.Build.0 = Template|Win32
		{51C7CAB0-34D3-4BEB-A371-1B9AD49A3B7F}.Debug|x86.ActiveCfg = Debug|Win32
		{51C7CAB0-34D3-4BEB-A371-1B9AD49A3B7F}.Debug|x86.Build.0 = Debug|Win32
		{51C7CAB0-34D3-4BEB-A371-1B9AD49A3B7F}.Release|x86.ActiveCfg = Release|Win32
		{51C7CAB0-34D3-4BEB-A371-1B9AD49A3B7F}.Release|x86.Build.0 = Release|Win32
		{51C7CAB0-34D3-4BEB-A371-1B9AD49A3B7F}.Template|x86.ActiveCfg = Template|Win32
		{51C7CAB0-34D3-4BEB-A371-1B9AD49A3B7F}.Template|x86.Build.0 = Template|Win32
		{BB8D5BEF-61D0-41AE-8262-2F8628D35E5C}.Debug|x86.ActiveCfg = Debug|Win32
		{BB8D5BEF-61D0-41AE-8262-2F8628D35E5C}.Debug|x86.Build.0 = Debug|Win32
		{BB8D5BEF-61D0-41AE-8262-2F8628D35E5C}.Release|x86.ActiveCfg = Release|Win32
		{BB8D5BEF-61D0-41AE-8262-2F8628D35E5C}.Release|x86.Build.0 = Release|Win32
		{BB8D5BEF-61D0-41AE-8262-2F8628D35E5C}.Template|x86.ActiveCfg = Template|Win32
		{BB8D5BEF-61D0-41AE-8262-2F8628D35E5C}.Template|x86.Build.0 = Template|Win32
		{8C72A3FF-7302-4B76-9B1F-E8388096339C}.Debug|x86.ActiveCfg = Debug|Win32
		{8C72A3FF-7302-4B76-9B1F-E8388096339C}.Debug|x86.Build.0 = Debug|Win32
		{8C72A3FF-7302-4B76-9B1F-E8388096339C}.Release|x86.ActiveCfg = Release|Win32
		{8C72A3FF-7302-4B76-9B1F-E8388096339C}.Release|x86.Build.0 = Release|Win32
		{8C72A3FF-7302-4B76-9B1F-E8388096339C}.Template|x86.ActiveCfg = Template|Win32
		{8C72A3FF-7302-4B76-9B1F-E8388096339C}.Template|x86.Build.0 = Template|Win32
		{8F9DFFB6-6ECC-451B-8E56-C3D47102296E}.Debug|x86.ActiveCfg = Debug|Win32
		{8F9DFFB6-6ECC-451B-8E56-C3D47102296E}.Debug|x86.Build.0 = Debug|Win32
		{8F9DFFB6-6ECC-451B-8E56-C3D47102296E}.Release|x86.ActiveCfg = Release|Win32
		{8F9DFFB6-6ECC-451B-8E56-C3D47102296E}.Release|x86.Build.0 = Release|Win32
		{8F9DFFB6-6ECC-451B-8E56-C3D47102296E}.Template|x86.ActiveCfg = Template|Win32
		{8F9DFFB6-6ECC-451B-8E56-C3D47102296E}.Template|x86.Build.0 = Template|Win32
		{3E395DB3-DF5A-424F-8FFE-4764735980D4}.Debug|x86.ActiveCfg = Debug|Win32
		{3E395DB3-DF5A-424F-8FFE-4764735980D4}.Debug|x86.Build.0 = Debug|Win32
		{3E395DB3-DF5A-424F-8FFE-4764735980D4}.Release|x86.ActiveCfg = Release|Win32
		{3E395DB3-DF5A-424F-8FFE-4764735980D4}.Release|x86.Build.0 = Release|Win32
		{3E395DB3-DF5A-424F-8FFE-4764735980D4}.Template|x86.ActiveCfg = Template|Win32
		{3E395DB3-DF5A-424F-8FFE-4764735980D4}.Template|x86.Build.0 = Template|Win32
		{A8FB54A6-8727-4FAB-9740-CEE84DC84FC2}.Debug|x86.ActiveCfg = Debug|Win32
		{A8FB54A6-8727-4FAB-9740-CEE84DC84FC2}.Debug|x86.Build.0 = Debug|Win32
		{A8FB54A6-8727-4FAB-9740-CEE84DC84FC2}.Release|x86.ActiveCfg = Release|Win32
		{A8FB54A6-8727-4FAB-9740-CEE84DC84FC2}.Release|x86.Build.0 = Release|Win32
		{A8FB54A6-8727-4FAB-9740-CEE84DC84FC2}.Template|x86.ActiveCfg = Template|Win32
		{A8FB54A6-8727-4FAB-9740-CEE84DC84FC2}.Template|x86.Build.0 = Template|Win32
		{503DFFDD-FF12-4EEC-81E5-B4C72635E882}.Debug|x86.ActiveCfg = Debug|Win32
		{503DFFDD-FF12-4EEC-81E5-B4C72635E882}.Debug|x86.Build.0 = Debug|Win32
		{503DFFDD-FF12-4EEC-81E5-B4C72635E882}.Release|x86.ActiveCfg = Release|Win32
		{503DFFDD-FF12-4EEC-81E5-B4C72635E882}.Release|x86.Build.0 = Release|Win32
		{503DFFDD-FF12-4EEC-81E5-B4C72635E882}.Template|x86.ActiveCfg = Template|Win32
		{503DFFDD-FF12-4EEC-81E5-B4C72635E882}.Template|x86.Build.0 = Template|Win32
		{252E9CA9-3B56-4FE6-A8F1-2808B626A435}.Debug|x86.ActiveCfg = Debug|Win32
		{252E9CA9-3B56-4FE6-A8F1-2808B626A435}.Debug|x86.Build.0 = Debug|Win32
		{252E9CA9-3B56-4FE6-A8F1-2808B626A435}.Release|x86.ActiveCfg = Release|Win32
		{252E9CA9-3B56-4FE6-A8F1-2808B626A435}.Release|x86.Build.0 = Release|Win32
		{252E9CA9-3B56-4FE6-A8F1-2808B626A435}.Template|x86.ActiveCfg = Template|Win32
		{252E9CA9-3B56-4FE6-A8F1-2808B626A435}.Template|x86.Build.0 = Template|Win32
		{94105BFE-7EBE-4CA4-A389-DFEBE4304CA5}.Debug|x86.ActiveCfg = Debug|Win32
		{94105BFE-7EBE-4CA4-A389-DFEBE4304CA5}.Debug|x86.Build.0 = Debug|Win32
		{94105BFE-7EBE-4CA4-A389-DFEBE4304CA5}.Release|x86.ActiveCfg = Release|Win32
		{94105BFE-7EBE-4CA4-A389-DFEBE4304CA5}.Release|x86.Build.0 = Release|Win32
		{94105BFE-7EBE-4CA4-A389-DFEBE4304CA5}.Template|x86.ActiveCfg = Template|Win32
		{94105BFE-7EBE-4CA4-A389-DFEBE4304CA5}.Template|x86.Build.0 = Template|Win32
		{0946A7E9-C351-4EBB-AF24-384ECE3FD75B}.Debug|x86.ActiveCfg = Debug|Win32
		{0946A7E9-C351-4EBB-AF24-384ECE3FD75B}.Debug|x86.Build.0 = Debug|Win32
		{0946A7E9-C351-4EBB-AF24-384ECE3FD75B}.Release|x86.ActiveCfg = Release|Win32
		{0946A7E9-C351-4EBB-AF24-384ECE3FD75B}.Release|x86.Build.0 = Release|Win32
		{0946A7E9-C351-4EBB-AF24-384ECE3FD75B}.Template|x86.ActiveCfg = Template|Win32
		{0946A7E9-C351-4EBB-AF24-384ECE3FD75B}.Template|x86.Build.0 = Template|Win32
		{B62A13AF-8AB1-4802-8D6E-E46654F96FD6}.Debug|x86.ActiveCfg = Debug|Win32
		{B62A13AF-8AB1-4802-8D6E-E46654F96FD6}.Debug|x86.Build.0 = Debug|Win32
		{B62A13AF-8AB1-4802-8D6E-E46654F96FD6}.Release|x86.ActiveCfg = Release|Win32
		{B62A13AF-8AB1-4802-8D6E-E46654F96FD6}.Release|x86.Build.0 = Release|Win32
		{B62A13AF-8AB1-4802-8D6E-E46654F96FD6}.Template|x86.ActiveCfg = Template|Win32
		{B62A13AF-8AB1-4802-8D6E-E46654F96FD6}.Template|x86.Build.0 = Template|Win32
		{CCF653F1-852D-4386-A641-75E87A09237B}.Debug|x86.ActiveCfg = Debug|Win32
		{CCF653F1-852D-4386-A641-75E87A09237B}.Debug|x86.Build.0 = Debug|Win32
		{CCF653F1-852D-4386-A641-75E87A09237B}.Release|x86.ActiveCfg = Release|Win32
		{CCF653F1-852D-4386-A641-75E87A09237B}.Release|x86.Build.0 = Release|Win32
		{CCF653F1-852D-4386-A641-75E87A09237B}.Template|x86.ActiveCfg = Template|Win32
		{CCF653F1-852D-4386-A641-75E87A09237B}.Template|x86.Build.0 = Template|Win32
		{1854158A-4707-487A-B180-FBDCB0FEF5C8}.Debug|x86.ActiveCfg = Debug|Win32
		{1854158A-4707-487A-B180-FBDCB0FEF5C8}.Debug|x86.Build.0 = Debug|Win32
		{1854158A-4707-487A-B180-FBDCB0FEF5C8}.Release|x86.ActiveCfg = Release|Win32
		{1854158A-4707-487A-B180-FBDCB0FEF5C8}.Release|x86.Build.0 = Release|Win32
		{1854158A-4707-487A-B180-FBDCB0FEF5C8}.Template|x86.ActiveCfg = Template|Win32
		{1854158A-4707-487A-B180-FBDCB0FEF5C8}.Template|x86.Build.0 = Template|Win32
		{258FC25B-2B6A-4283-BA8A-5F324DB6BFE7}.Debug|x86.ActiveCfg = Debug|Win32
		{258FC25B-2B6A-4283-BA8A-5F324DB6BFE7}.Debug|x86.Build.0 = Debug|Win32
		{258FC25B-2B6A-4283-BA8A-5F324DB6BFE7}.Release|x86.ActiveCfg = Release|Win32
		{258FC25B-2B6A-4283-BA8A-5F324DB6BFE7}.Release|x86.Build.0 = Release|Win32
		{258FC25B-2B6A-4283-BA8A-5F324DB6BFE7}.Template|x86.ActiveCfg = Template|Win32
		{258FC25B-2B6A-4283-BA8A-5F324DB6BFE7}.Template|x86.Build.0 = Template|Win32
		{9879BA4C-A300-4C65-A696-C2287596DBCD}.Debug|x86.ActiveCfg = Debug|Win32
		{9879BA4C-A300-4C65-A696-C2287596DBCD}.Debug|x86.Build.0 = Debug|Win32
		{9879BA4C-A300-4C65-A696-C2287596DBCD}.Release|x86.ActiveCfg = Release|Win32
		{9879BA4C-A300-4C65-A696-C2287596DBCD}.Release|x86.Build.0 = Release|Win32
		{9879BA4C-A300-4C65-A696-C2287596DBCD}.Template|x86.ActiveCfg = Template|Win32
		{9879BA4C-A300-4C65-A696-C2287596DBCD}.Template|x86.Build.0 = Template|Win32
		{EC09BF3B-515F-49B9-8B01-BAAEC47772AB}.Debug|x86.ActiveCfg = Debug|Win32
		{EC09BF3B-515F-49B9-8B01-BAAEC47772AB}.Debug|x86.Build.0 = Debug|Win32
		{EC09BF3B-515F-49B9-8B01-BAAEC47772AB}.Release|x86.ActiveCfg = Release|Win32
		{EC09BF3B-515F-49B9-8B01-BAAEC47772AB}.Release|x86.Build.0 = Release|Win32
		{EC09BF3B-515F-49B9-8B01-BAAEC47772AB}.Template|x86.ActiveCfg = Template|Win32
		{EC09BF3B-515F-49B9-8B01-BAAEC47772AB}.Template|x86.Build.0 = Template|Win32
		{FCB96C9A-2210-40FD-BCBC-1A7DB248DF3D}.Debug|x86.ActiveCfg = Debug|Win32
		{FCB96C9A-2210-40FD-BCBC-1A7DB248DF3D}.Debug|x86.Build.0 = Debug|Win32
		{FCB96C9A-2210-40FD-BCBC-1A7DB248DF3D}.Release|x86.ActiveCfg = Release|Win32
		{FCB96C9A-2210-40FD-BCBC-1A7DB248DF3D}.Release|x86.Build.0 = Release|Win32
		{FCB96C9A-2210-40FD-BCBC-1A7DB248DF3D}.Template|x86.ActiveCfg = Template|Win32
		{FCB96C9A-2210-40FD-BCBC-1A7DB248DF3D}.Template|x86.Build.0 = Template|Win32
		{12AEA949-8474-4571-A170-D0D6065EEB7E}.Debug|x86.ActiveCfg = Debug|Win32
		{12AEA949-8474-4571-A170-D0D6065EEB7E}.Debug|x86.Build.0 = Debug|Win32
		{12AEA949-8474-4571-A170-D0D6065EEB7E}.Release|x86.ActiveCfg = Release|Win32
		{12AEA949-8474-4571-A170-D0D6065EEB7E}.Release|x86.Build.0 = Release|Win32
		{12AEA949-8474-4571-A170-D0D6065EEB7E}.Template|x86.ActiveCfg = Template|Win32
		{12AEA949-8474-4571-A170-D0D6065EEB7E}.Template|x86.Build.0 = Template|Win32
		{4D11CB71-F36A-411F-9926-3CAACD087B23}.Debug|x86.ActiveCfg = Debug|Win32
		{4D11CB71-F36A-411F-9926-3CAACD087B23}.Debug|x86.Build.0 = Debug|Win32
		{4D11CB71-F36A-411F-9926-3CAACD087B23}.Release|x86.ActiveCfg = Release|Win32
		{4D11CB71-F36A-411F-9926-3CAACD087B23}.Release|x86.Build.0 = Release|Win32
		{4D11CB71-F36A-411F-9926-3CAACD087B23}.Template|x86.ActiveCfg = Template|Win32
		{4D11CB71-F36A-411F-9926-3CAACD087B23}.Template|x86.Build.0 = Template|Win32
		{B590FBB2-6D35-4A03-A4B5-452096C060B7}.Debug|x86.ActiveCfg = Debug|Win32
		{B590FBB2-6D35-4A03-A4B5-452096C060B7}.Debug|x86.Build.0 = Debug|Win32
		{B590FBB2-6D35-4A03-A4B5-452096C060B7}.Release|x86.ActiveCfg = Release|Win32
		{B590FBB2-6D35-4A03-A4B5-452096C060B7}.Release|x86.Build.0 = Release|Win32
		{B590FBB2-6D35-4A03-A4B5-452096C060B7}.Template|x86.ActiveCfg = Template|Win32
		{B590FBB2-6D35-4A03-A4B5-452096C060B7}.Template|x86.Build.0 = Template|Win32
		{3A35EF6E-FDDC-4DDA-BB38-4D315C2664DC}.Debug|x86.ActiveCfg = Debug|Win32
		{3A35EF6E-FDDC-4DDA-BB38-4D315C2664DC}.Debug|x86.Build.0 = Debug|Win32
		{3A35EF6E-FDDC-4DDA-BB38-4D315C2664DC}.Release|x86.ActiveCfg = Release|Win32
		{3A35EF6E-FDDC-4DDA-BB38-4D315C2664DC}.Release|x86.Build.0 = Release|Win32
		{3A35EF6E-FDDC-4DDA-BB38-4D315C2664DC}.Template|x86.ActiveCfg = Template|Win32
		{3A35EF6E-FDDC-4DDA-BB38-4D315C2664DC}.Template|x86.Build.0 = Template|Win32
		{34728167-5450-4DC7-9D71-18FAF2AE1837}.Debug|x86.ActiveCfg = Debug|Win32
		{34728167-5450-4DC7-9D71-18FAF2AE1837}.Debug|x86.Build.0 = Debug|Win32
		{34728167-5450-4DC7-9D71-18FAF2AE1837}.Release|x86.ActiveCfg = Release|Win32
		{34728167-5450-4DC7-9D71-18FAF2AE1837}.Release|x86.Build.0 = Release|Win32
		{34728167-5450-4DC7-9D71-18FAF2AE1837}.Template|x86.ActiveCfg = Template|Win32
		{34728167-5450-4DC7-9D71-18FAF2AE1837}.Template|x86.Build.0 = Template|Win32
		{799DF36C-86A8-4C56-8D50-F7F4BE6C747B}.Debug|x86.ActiveCfg = Debug|Win32
		{799DF36C-86A8-4C56-8D50-F7F4BE6C747B}.Debug|x86.Build.0 = Debug|Win32
		{799DF36C-86A8-4C56-8D50-F7F4BE6C747B}.Release|x86.ActiveCfg = Release|Win32
		{799DF36C-86A8-4C56-8D50-F7F4BE6C747B}.Release|x86.Build.0 = Release|Win32
		{799DF36C-86A8-4C56-8D50-F7F4BE6C747B}.Template|x86.ActiveCfg = Template|Win32
		{799DF36C-86A8-4C56-8D50-F7F4BE6C747B}.Template|x86.Build.0 = Template|Win32
		{54B23751-1FB7-4CE9-BEAE-5A3C1BEB5DE5}.Debug|x86.ActiveCfg = Debug|Win32
		{54B23751-1FB7-4CE9-BEAE-5A3C1BEB5DE5}.Debug|x86.Build.0 = Debug|Win32
		{54B23751-1FB7-4CE9-BEAE-5A3C1BEB5DE5}.Release|x86.ActiveCfg = Release|Win32
		{54B23751-1FB7-4CE9-BEAE-5A3C1BEB5DE5}.Release|x86.Build.0 = Release|Win32
		{54B23751-1FB7-4CE9-BEAE-5A3C1BEB5DE5}.Template|x86.ActiveCfg = Template|Win32
		{54B23751-1FB7-4CE9-BEAE-5A3C1BEB5DE5}.Template|x86.Build.0 = Template|Win32
		{F1C4393C-A8E7-4FAA-8FDE-60B881994C63}.Debug|x86.ActiveCfg = Debug|Win32
		{F1C4393C-A8E7-4FAA-8FDE-60B881994C63}.Debug|x86.Build.0 = Debug|Win32
		{F1C4393C-A8E7-4FAA-8FDE-60B881994C63}.Release|x86.ActiveCfg = Release|Win32
		{F1C4393C-A8E7-4FAA-8FDE-60B881994C63}.Release|x86.Build.0 = Release|Win32
		{F1C4393C-A8E7-4FAA-8FDE-60B881994C63}.Template|x86.ActiveCfg = Template|Win32
		{F1C4393C-A8E7-4FAA-8FDE-60B881994C63}.Template|x86.Build.0 = Template|Win32
		{B3686DF1-31C0-4E2C-AE58-2B27F8C0F69A}.Debug|x86.ActiveCfg = Debug|Win32
		{B3686DF1-31C0-4E2C-AE58-2B27F8C0F69A}.Debug|x86.Build.0 = Debug|Win32
		{B3686DF1-31C0-4E2C-AE58-2B27F8C0F69A}.Release|x86.ActiveCfg = Release|Win32
		{B3686DF1-31C0-4E2C-AE58-2B27F8C0F69A}.Release|x86.Build.0 = Release|Win32
		{B3686DF1-31C0-4E2C-AE58-2B27F8C0F69A}.Template|x86.ActiveCfg = Template|Win32
		{B3686DF1-31C0-4E2C-AE58-2B27F8C0F69A}.Template|x86.Build.0 = Template|Win32
		{4D066190-A224-48A0-95A4-0EFF8EB03EF5}.Debug|x86.ActiveCfg = Debug|Win32
		{4D066190-A224-48A0-95A4-0EFF8EB03EF5}.Debug|x86.Build.0 = Debug|Win32
		{4D066190-A224-48A0-95A4-0EFF8EB03EF5}.Release|x86.ActiveCfg = Release|Win32
		{4D066190-A224-48A0-95A4-0EFF8EB03EF5}.Release|x86.Build.0 = Release|Win32
		{4D066190-A224-48A0-95A4-0EFF8EB03EF5}.Template|x86.ActiveCfg = Template|Win32
		{4D066190-A224-48A0-95A4-0EFF8EB03EF5}.Template|x86.Build.0 = Template|Win32
		{ECA15EFE-63A8-4A89-8A8F-D24F1079A9B8}.Debug|x86.ActiveCfg = Debug|Win32
		{ECA15EFE-63A8-4A89-8A8F-D24F1079A9B8}.Debug|x86.Build.0 = Debug|Win32
		{ECA15EFE-63A8-4A89-8A8F-D24F1079A9B8}.Release|x86.ActiveCfg = Release|Win32
		{ECA15EFE-63A8-4A89-8A8F-D24F1079A9B8}.Release|x86.Build.0 = Release|Win32
		{ECA15EFE-63A8-4A89-8A8F-D24F1079A9B8}.Template|x86.ActiveCfg = Template|Win32
		{ECA15EFE-63A8-4A89-8A8F-D24F1079A9B8}.Template|x86.Build.0 = Template|Win32
		{890B3BB8-E6C3-4DAB-A1C0-82A3DBDD0747}.Debug|x86.ActiveCfg = Debug|Win32
		{890B3BB8-E6C3-4DAB-A1C0-82A3DBDD0747}.Debug|x86.Build.0 = Debug|Win32
		{890B3BB8-E6C3-4DAB-A1C0-82A3DBDD0747}.Release|x86.ActiveCfg = Release|Win32
		{890B3BB8-E6C3-4DAB-A1C0-82A3DBDD0747}.Release|x86.Build.0 = Release|Win32
		{890B3BB8-E6C3-4DAB-A1C0-82A3DBDD0747}.Template|x86.ActiveCfg = Template|Win32
		{890B3BB8-E6C3-4DAB-A1C0-82A3DBDD0747}.Template|x86.Build.0 = Template|Win32
		{F4B86F01-5C2E-4810-98A0-A8179FD0678B}.Debug|x86.ActiveCfg = Debug|Win32
		{F4B86F01-5C2E-4810-98A0-A8179FD0678B}.Debug|x86.Build.0 = Debug|Win32
		{F4B86F01-5C2E-4810-98A0-A8179FD0678B}.Release|x86.ActiveCfg = Release|Win32
		{F4B86F01-5C2E-4810-98A0-A8179FD0678B}.Release|x86.Build.0 = Release|Win32
		{F4B86F01-5C2E-4810-98A0-A8179FD0678B}.Template|x86.ActiveCfg = Template|Win32
		{F4B86F01-5C2E-4810-98A0-A8179FD0678B}.Template|x86.Build.0 = Template|Win32
		{68EAAF3E-D713-4601-A8A4-3332470BC861}.Debug|x86.ActiveCfg = Debug|Win32
		{68EAAF3E-D713-4601-A8A4-3332470BC861}.Debug|x86.Build.0 = Debug|Win32
		{68EAAF3E-D713-4601-A8A4-3332470BC861}.Release|x86.ActiveCfg = Release|Win32
		{68EAAF3E-D713-4601-A8A4-3332470BC861}.Release|x86.Build.0 = Release|Win32
		{68EAAF3E-D713-4601-A8A4-3332470BC861}.Template|x86.ActiveCfg = Template|Win32
		{68EAAF3E-D713-4601-A8A4-3332470BC861}.Template|x86.Build.0 = Template|Win32
		{D7EC3001-B269-4B30-9675-FBE5B0ACE36A}.Debug|x86.ActiveCfg = Debug|Win32
		{D7EC3001-B269-4B30-9675-FBE5B0ACE36A}.Debug|x86.Build.0 = Debug|Win32
		{D7EC3001-B269-4B30-9675-FBE5B0ACE36A}.Release|x86.ActiveCfg = Release|Win32
		{D7EC3001-B269-4B30-9675-FBE5B0ACE36A}.Release|x86.Build.0 = Release|Win32
		{D7EC3001-B269-4B30-9675-FBE5B0ACE36A}.Template|x86.ActiveCfg = Template|Win32
		{D7EC3001-B269-4B30-9675-FBE5B0ACE36A}.Template|x86.Build.0 = Template|Win32
		{A224E7E5-E60B-4D43-90A0-1775694F3D81}.Debug|x86.ActiveCfg = Debug|Win32
		{A224E7E5-E60B-4D43-90A0-1775694F3D81}.Debug|x86.Build.0 = Debug|Win32
		{A224E7E5-E60B-4D43-90A0-1775694F3D81}.Release|x86.ActiveCfg = Release|Win32
		{A224E7E5-E60B-4D43-90A0-1775694F3D81}.Release|x86.Build.0 = Release|Win32
		{A224E7E5-E60B-4D43-90A0-1775694F3D81}.Template|x86.ActiveCfg = Template|Win32
		{A224E7E5-E60B-4D43-90A0-1775694F3D81}.Template|x86.Build.0 = Template|Win32
		{558DE108-3102-4343-AB11-D0CC98E201DA}.Debug|x86.ActiveCfg = Debug|Win32
		{558DE108-3102-4343-AB11-D0CC98E201DA}.Debug|x86.Build.0 = Debug|Win32
		{558DE108-3102-4343-AB11-D0CC98E201DA}.Release|x86.ActiveCfg = Release|Win32
		{558DE108-3102-4343-AB11-D0CC98E201DA}.Release|x86.Build.0 = Release|Win32
		{558DE108-3102-4343-AB11-D0CC98E201DA}.Template|x86.ActiveCfg = Template|Win32
		{558DE108-3102-4343-AB11-D0CC98E201DA}.Template|x86.Build.0 = Template|Win32
		{22530362-37C9-47CE-837F-6E7E99324644}.Debug|x86.ActiveCfg = Debug|Win32
		{22530362-37C9-47CE-837F-6E7E99324644}.Debug|x86.Build.0 = Debug|Win32
		{22530362-37C9-47CE-837F-6E7E99324644}.Release|x86.ActiveCfg = Release|Win32
		{22530362-37C9-47CE-837F-6E7E99324644}.Release|x86.Build.0 = Release|Win32
		{22530362-37C9-47CE-837F-6E7E99324644}.Template|x86.ActiveCfg = Template|Win32
		{22530362-37C9-47CE-837F-6E7E99324644}.Template|x86.Build.0 = Template|Win32
		{E9A5A2EC-47E5-471D-BF8D-5F3ADE927942}.Debug|x86.ActiveCfg = Debug|Win32
		{E9A5A2EC-47E5-471D-BF8D-5F3ADE927942}.Debug|x86.Build.0 = Debug|Win32
		{E9A5A2EC-47E5-471D-BF8D-5F3ADE927942}.Release|x86.ActiveCfg = Release|Win32
		{E9A5A2EC-47E5-471D-BF8D-5F3ADE927942}.Release|x86.Build.0 = Release|Win32
		{E9A5A2EC-47E5-471D-BF8D-5F3ADE927942}.Template|x86.ActiveCfg = Template|Win32
		{E9A5A2EC-47E5-471D-BF8D-5F3ADE927942}.Template|x86.Build.0 = Template|Win32
		{1CA3A7A4-4D89-480C-A35D-A26537546DF1}.Debug|x86.ActiveCfg = Debug|Win32
		{1CA3A7A4-4D89-480C-A35D-A26537546DF1}.Debug|x86.Build.0 = Debug|Win32
		{1CA3A7A4-4D89-480C-A35D-A26537546DF1}.Release|x86.ActiveCfg = Release|Win32
		{1CA3A7A4-4D89-480C-A35D-A26537546DF1}.Release|x86.Build.0 = Release|Win32
		{1CA3A7A4-4D89-480C-A35D-A26537546DF1}.Template|x86.ActiveCfg = Template|Win32
		{1CA3A7A4-4D89-480C-A35D-A26537546DF1}.Template|x86.Build.0 = Template|Win32
		{8521339B-498F-4A15-9619-69121A8BE47E}.Debug|x86.ActiveCfg = Debug|Win32
		{8521339B-498F-4A15-9619-69121A8BE47E}.Debug|x86.Build.0 = Debug|Win32
		{8521339B-498F-4A15-9619-69121A8BE47E}.Release|x86.ActiveCfg = Release|Win32
		{8521339B-498F-4A15-9619-69121A8BE47E}.Release|x86.Build.0 = Release|Win32
		{8521339B-498F-4A15-9619-69121A8BE47E}.Template|x86.ActiveCfg = Template|Win32
		{8521339B-498F-4A15-9619-69121A8BE47E}.Template|x86.Build.0 = Template|Win32
		{5EE013EB-DF70-40B7-8DE5-68628CAAA66D}.Debug|x86.ActiveCfg = Debug|Win32
		{5EE013EB-DF70-40B7-8DE5-68628CAAA66D}.Debug|x86.Build.0 = Debug|Win32
		{5EE013EB-DF70-40B7-8DE5-68628CAAA66D}.Release|x86.ActiveCfg = Release|Win32
		{5EE013EB-DF70-40B7-8DE5-68628CAAA66D}.Release|x86.Build.0 = Release|Win32
		{5EE013EB-DF70-40B7-8DE5-68628CAAA66D}.Template|x86.ActiveCfg = Template|Win32
		{5EE013EB-DF70-40B7-8DE5-68628CAAA66D}.Template|x86.Build.0 = Template|Win32
		{B28D3ABA-8A26-4976-9B43-E19127FA17A1}.Debug|x86.ActiveCfg = Debug|Win32
		{B28D3ABA-8A26-4976-9B43-E19127FA17A1}.Debug|x86.Build.0 = Debug|Win32
		{B28D3ABA-8A26-4976-9B43-E19127FA17A1}.Release|x86.ActiveCfg = Release|Win32
		{B28D3ABA-8A26-4976-9B43-E19127FA17A1}.Release|x86.Build.0 = Release|Win32
		{B28D3ABA-8A26-4976-9B43-E19127FA17A1}.Template|x86.ActiveCfg = Template|Win32
		{B28D3ABA-8A26-4976-9B43-E19127FA17A1}.Template|x86.Build.0 = Template|Win32
		{1FAAB7E2-1A10-4D0A-B095-F920CEFF02F2}.Debug|x86.ActiveCfg = Debug|Win32
		{1FAAB7E2-1A10-4D0A-B095-F920CEFF02F2}.Debug|x86.Build.0 = Debug|Win32
		{1FAAB7E2-1A10-4D0A-B095-F920CEFF02F2}.Release|x86.ActiveCfg = Release|Win32
		{1FAAB7E2-1A10-4D0A-B095-F920CEFF02F2}.Release|x86.Build.0 = Release|Win32
		{1FAAB7E2-1A10-4D0A-B095-F920CEFF02F2}.Template|x86.ActiveCfg = Template|Win32
		{1FAAB7E2-1A10-4D0A-B095-F920CEFF02F2}.Template|x86.Build.0 = Template|Win32
		{8D7422A3-2138-46F4-AFE9-A61EA5F6397D}.Debug|x86.ActiveCfg = Debug|Win32
		{8D7422A3-2138-46F4-AFE9-A61EA5F6397D}.Debug|x86.Build.0 = Debug|Win32
		{8D7422A3-2138-46F4-AFE9-A61EA5F6397D}.Release|x86.ActiveCfg = Release|Win32
		{8D7422A3-2138-46F4-AFE9-A61EA5F6397D}.Release|x86.Build.0 = Release|Win32
		{8D7422A3-2138-46F4-AFE9-A61EA5F6397D}.Template|x86.ActiveCfg = Template|Win32
		{8D7422A3-2138-46F4-AFE9-A61EA5F6397D}.Template|x86.Build.0 = Template|Win32
		{5F44A3B3-3253-4A57-BCC0-5DF641DB95B5}.Debug|x86.ActiveCfg = Debug|Win32
		{5F44A3B3-3253-4A57-BCC0-5DF641DB95B5}.Debug|x86.Build.0 = Debug|Win32
		{5F44A3B3-3253-4A57-BCC0-5DF641DB95B5}.Release|x86.ActiveCfg = Release|Win32
		{5F44A3B3-3253-4A57-BCC0-5DF641DB95B5}.Release|x86.Build.0 = Release|Win32
		{5F44A3B3-3253-4A57-BCC0-5DF641DB95B5}.Template|x86.ActiveCfg = Template|Win32
		{5F44A3B3-3253-4A57-BCC0-5DF641DB95B5}.Template|x86.Build.0 = Template|Win32
		{A6ED31C2-6341-4F67-9708-0DA713C42F36}.Debug|x86.ActiveCfg = Debug|Win32
		{A6ED31C2-6341-4F67-9708-0DA713C42F36}.Debug|x86.Build.0 = Debug|Win32
		{A6ED31C2-6341-4F67-9708-0DA713C42F36}.Release|x86.ActiveCfg = Release|Win32
		{A6ED31C2-6341-4F67-9708-0DA713C42F36}.Release|x86.Build.0 = Release|Win32
		{A6ED31C2-6341-4F67-9708-0DA713C42F36}.Template|x86.ActiveCfg = Template|Win32
		{A6ED31C2-6341-4F67-9708-0DA713C42F36}.Template|x86.Build.0 = Template|Win32
		{279B1569-733A-4778-8C20-015A9AF47BB6}.Debug|x86.ActiveCfg = Debug|Win32
		{279B1569-733A-4778-8C20-015A9AF47BB6}.Debug|x86.Build.0 = Debug|Win32
		{279B1569-733A-4778-8C20-015A9AF47BB6}.Release|x86.ActiveCfg = Release|Win32
		{279B1569-733A-4778-8C20-015A9AF47BB6}.Release|x86.Build.0 = Release|Win32
		{279B1569-733A-4778-8C20-015A9AF47BB6}.Template|x86.ActiveCfg = Template|Win32
		{279B1569-733A-4778-8C20-015A9AF47BB6}.Template|x86.Build.0 = Template|Win32
		{4B004A03-B29E-4D60-A4A9-DA5214EA54A7}.Debug|x86.ActiveCfg = Debug|Win32
		{4B004A03-B29E-4D60-A4A9-DA5214EA54A7}.Debug|x86.Build.0 = Debug|Win32
		{4B004A03-B29E-4D60-A4A9-DA5214EA54A7}.Release|x86.ActiveCfg = Release|Win32
		{4B004A03-B29E-4D60-A4A9-DA5214EA54A7}.Release|x86.Build.0 = Release|Win32
		{4B004A03-B29E-4D60-A4A9-DA5214EA54A7}.Template|x86.ActiveCfg = Template|Win32
		{4B004A03-B29E-4D60-A4A9-DA5214EA54A7}.Template|x86.Build.0 = Template|Win32
		{B3E2694C-1D7B-42F7-AEAB-BA1AF45BB3E8}.Debug|x86.ActiveCfg = Debug|Win32
		{B3E2694C-1D7B-42F7-AEAB-BA1AF45BB3E8}.Debug|x86.Build.0 = Debug|Win32
		{B3E2694C-1D7B-42F7-AEAB-BA1AF45BB3E8}.Release|x86.ActiveCfg = Release|Win32
		{B3E2694C-1D7B-42F7-AEAB-BA1AF45BB3E8}.Release|x86.Build.0 = Release|Win32
		{B3E2694C-1D7B-42F7-AEAB-BA1AF45BB3E8}.Template|x86.ActiveCfg = Template|Win32
		{B3E2694C-1D7B-42F7-AEAB-BA1AF45BB3E8}.Template|x86.Build.0 = Template|Win32
		{6902EE7E-5914-49F1-AA6E-798E3C510413}.Debug|x86.ActiveCfg = Debug|Win32
		{6902EE7E-5914-49F1-AA6E-798E3C510413}.Debug|x86.Build.0 = Debug|Win32
		{6902EE7E-5914-49F1-AA6E-798E3C510413}.Release|x86.ActiveCfg = Release|Win32
		{6902EE7E-5914-49F1-AA6E-798E3C510413}.Release|x86.Build.0 = Release|Win32
		{6902EE7E-5914-49F1-AA6E-798E3C510413}.Template|x86.ActiveCfg = Template|Win32
		{6902EE7E-5914-49F1-AA6E-798E3C510413}.Template|x86.Build.0 = Template|Win32
		{F2FFF8B3-324E-4DFD-88EC-14D5080E96E0}.Debug|x86.ActiveCfg = Debug|Win32
		{F2FFF8B3-324E-4DFD-88EC-14D5080E96E0}.Debug|x86.Build.0 = Debug|Win32
		{F2FFF8B3-324E-4DFD-88EC-14D5080E96E0}.Release|x86.ActiveCfg = Release|Win32
		{F2FFF8B3-324E-4DFD-88EC-14D5080E96E0}.Release|x86.Build.0 = Release|Win32
		{F2FFF8B3-324E-4DFD-88EC-14D5080E96E0}.Template|x86.ActiveCfg = Template|Win32
		{F2FFF8B3-324E-4DFD-88EC-14D5080E96E0}.Template|x86.Build.0 = Template|Win32
		{4110D883-792C-4A02-8016-E75F380867C9}.Debug|x86.ActiveCfg = Debug|Win32
		{4110D883-792C-4A02-8016-E75F380867C9}.Debug|x86.Build.0 = Debug|Win32
		{4110D883-792C-4A02-8016-E75F380867C9}.Release|x86.ActiveCfg = Release|Win32
		{4110D883-792C-4A02-8016-E75F380867C9}.Release|x86.Build.0 = Release|Win32
		{4110D883-792C-4A02-8016-E75F380867C9}.Template|x86.ActiveCfg = Template|Win32
		{4110D883-792C-4A02-8016-E75F380867C9}.Template|x86.Build.0 = Template|Win32
		{D31A4781-0287-4E2E-A3AF-0C13F3C26332}.Debug|x86.ActiveCfg = Debug|Win32
		{D31A4781-0287-4E2E-A3AF-0C13F3C26332}.Debug|x86.Build.0 = Debug|Win32
		{D31A4781-0287-4E2E-A3AF-0C13F3C26332}.Release|x86.ActiveCfg = Release|Win32
		{D31A4781-0287-4E2E-A3AF-0C13F3C26332}.Release|x86.Build.0 = Release|Win32
		{D31A4781-0287-4E2E-A3AF-0C13F3C26332}.Template|x86.ActiveCfg = Template|Win32
		{D31A4781-0287-4E2E-A3AF-0C13F3C26332}.Template|x86.Build.0 = Template|Win32
		{D73A2050-EB5A-4E9B-ABF6-EAE1EA69B95F}.Debug|x86.ActiveCfg = Debug|Win32
		{D73A2050-EB5A-4E9B-ABF6-EAE1EA69B95F}.Debug|x86.Build.0 = Debug|Win32
		{D73A2050-EB5A-4E9B-ABF6-EAE1EA69B95F}.Release|x86.ActiveCfg = Release|Win32
		{D73A2050-EB5A-4E9B-ABF6-EAE1EA69B95F}.Release|x86.Build.0 = Release|Win32
		{D73A2050-EB5A-4E9B-ABF6-EAE1EA69B95F}.Template|x86.ActiveCfg = Template|Win32
		{D73A2050-EB5A-4E9B-ABF6-EAE1EA69B95F}.Template|x86.Build.0 = Template|Win32
		{084CEC29-8A75-43E4-A65F-2AB5F37EE645}.Debug|x86.ActiveCfg = Debug|Win32
		{084CEC29-8A75-43E4-A65F-2AB5F37EE645}.Debug|x86.Build.0 = Debug|Win32
		{084CEC29-8A75-43E4-A65F-2AB5F37EE645}.Release|x86.ActiveCfg = Release|Win32
		{084CEC29-8A75-43E4-A65F-2AB5F37EE645}.Release|x86.Build.0 = Release|Win32
		{084CEC29-8A75-43E4-A65F-2AB5F37EE645}.Template|x86.ActiveCfg = Template|Win32
		{084CEC29-8A75-43E4-A65F-2AB5F37EE645}.Template|x86.Build.0 = Template|Win32
		{B57EA22F-8A47-41F8-801E-75CDDBE3F3BD}.Debug|x86.ActiveCfg = Debug|Win32
		{B57EA22F-8A47-41F8-801E-75CDDBE3F3BD}.Debug|x86.Build.0 = Debug|Win32
		{B57EA22F-8A47-41F8-801E-75CDDBE3F3BD}.Release|x86.ActiveCfg = Release|Win32
		{B57EA22F-8A47-41F8-801E-75CDDBE3F3BD}.Release|x86.Build.0 = Release|Win32
		{B57EA22F-8A47-41F8-801E-75CDDBE3F3BD}.Template|x86.ActiveCfg = Template|Win32
		{B57EA22F-8A47-41F8-801E-75CDDBE3F3BD}.Template|x86.Build.0 = Template|Win32
		{42EC456D-F9D2-4C27-B2E7-514CE8A11E7C}.Debug|x86.ActiveCfg = Debug|Win32
		{42EC456D-F9D2-4C27-B2E7-514CE8A11E7C}.Debug|x86.Build.0 = Debug|Win32
		{42EC456D-F9D2-4C27-B2E7-514CE8A11E7C}.Release|x86.ActiveCfg = Release|Win32
		{42EC456D-F9D2-4C27-B2E7-514CE8A11E7C}.Release|x86.Build.0 = Release|Win32
		{42EC456D-F9D2-4C27-B2E7-514CE8A11E7C}.Template|x86.ActiveCfg = Template|Win32
		{42EC456D-F9D2-4C27-B2E7-514CE8A11E7C}.Template|x86.Build.0 = Template|Win32
		{42989339-F74D-44AF-AB97-8405A08CB4E7}.Debug|x86.ActiveCfg = Debug|Win32
		{42989339-F74D-44AF-AB97-8405A08CB4E7}.Debug|x86.Build.0 = Debug|Win32
		{42989339-F74D-44AF-AB97-8405A08CB4E7}.Release|x86.ActiveCfg = Release|Win32
		{42989339-F74D-44AF-AB97-8405A08CB4E7}.Release|x86.Build.0 = Release|Win32
		{42989339-F74D-44AF-AB97-8405A08CB4E7}.Template|x86.ActiveCfg = Template|Win32
		{42989339-F74D-44AF-AB97-8405A08CB4E7}.Template|x86.Build.0 = Template|Win32
		{9A39E004-8613-4AB4-B5FC-2CE545558319}.Debug|x86.ActiveCfg = Debug|Win32
		{9A39E004-8613-4AB4-B5FC-2CE545558319}.Debug|x86.Build.0 = Debug|Win32
		{9A39E004-8613-4AB4-B5FC-2CE545558319}.Release|x86.ActiveCfg = Release|Win32
		{9A39E004-8613-4AB4-B5FC-2CE545558319}.Release|x86.Build.0 = Release|Win32
		{9A39E004-8613-4AB4-B5FC-2CE545558319}.Template|x86.ActiveCfg = Template|Win32
		{9A39E004-8613-4AB4-B5FC-2CE545558319}.Template|x86.Build.0 = Template|Win32
		{3F31295A-E75D-4632-887E-AEBC3194348B}.Debug|x86.ActiveCfg = Debug|Win32
		{3F31295A-E75D-4632-887E-AEBC3194348B}.Debug|x86.Build.0 = Debug|Win32
		{3F31295A-E75D-4632-887E-AEBC3194348B}.Release|x86.ActiveCfg = Release|Win32
		{3F31295A-E75D-4632-887E-AEBC3194348B}.Release|x86.Build.0 = Release|Win32
		{3F31295A-E75D-4632-887E-AEBC3194348B}.Template|x86.ActiveCfg = Template|Win32
		{3F31295A-E75D-4632-887E-AEBC3194348B}.Template|x86.Build.0 = Template|Win32
		{C21AA6C1-7676-47EF-9FE6-E979AF587DB3}.Debug|x86.ActiveCfg = Debug|Win32
		{C21AA6C1-7676-47EF-9FE6-E979AF587DB3}.Debug|x86.Build.0 = Debug|Win32
		{C21AA6C1-7676-47EF-9FE6-E979AF587DB3}.Release|x86.ActiveCfg = Release|Win32
		{C21AA6C1-7676-47EF-9FE6-E979AF587DB3}.Release|x86.Build.0 = Release|Win32
		{C21AA6C1-7676-47EF-9FE6-E979AF587DB3}.Template|x86.ActiveCfg = Template|Win32
		{C21AA6C1-7676-47EF-9FE6-E979AF587DB3}.Template|x86.Build.0 = Template|Win32
		{12B91E43-AB61-4B5E-943A-2596AD7364AE}.Debug|x86.ActiveCfg = Debug|Win32
		{12B91E43-AB61-4B5E-943A-2596AD7364AE}.Debug|x86.Build.0 = Debug|Win32
		{12B91E43-AB61-4B5E-943A-2596AD7364AE}.Release|x86.ActiveCfg = Release|Win32
		{12B91E43-AB61-4B5E-943A-2596AD7364AE}.Release|x86.Build.0 = Release|Win32
		{12B91E43-AB61-4B5E-943A-2596AD7364AE}.Template|x86.ActiveCfg = Template|Win32
		{12B91E43-AB61-4B5E-943A-2596AD7364AE}.Template|x86.Build.0 = Template|Win32
		{992EE1EF-33D0-42C3-9502-3A7FEE74DA66}.Debug|x86.ActiveCfg = Debug|Win32
		{992EE1EF-33D0-42C3-9502-3A7FEE74DA66}.Debug|x86.Build.0 = Debug|Win32
		{992EE1EF-33D0-42C3-9502-3A7FEE74DA66}.Release|x86.ActiveCfg = Release|Win32
		{992EE1EF-33D0-42C3-9502-3A7FEE74DA66}.Release|x86.Build.0 = Release|Win32
		{992EE1EF-33D0-42C3-9502-3A7FEE74DA66}.Template|x86.ActiveCfg = Template|Win32
		{992EE1EF-33D0-42C3-9502-3A7FEE74DA66}.Template|x86.Build.0 = Template|Win32
		{9EE373B3-905F-406E-AAFD-DACE9258046C}.Debug|x86.ActiveCfg = Debug|Win32
		{9EE373B3-905F-406E-AAFD-DACE9258046C}.Debug|x86.Build.0 = Debug|Win32
		{9EE373B3-905F-406E-AAFD-DACE9258046C}.Release|x86.ActiveCfg = Release|Win32
		{9EE373B3-905F-406E-AAFD-DACE9258046C}.Release|x86.Build.0 = Release|Win32
		{9EE373B3-905F-406E-AAFD-DACE9258046C}.Template|x86.ActiveCfg = Template|Win32
		{9EE373B3-905F-406E-AAFD-DACE9258046C}.Template|x86.Build.0 = Template|Win32
		{D3D5C599-CBCC-4A61-9B61-779127023866}.Debug|x86.ActiveCfg = Debug|Win32
		{D3D5C599-CBCC-4A61-9B61-779127023866}.Debug|x86.Build.0 = Debug|Win32
		{D3D5C599-CBCC-4A61-9B61-779127023866}.Release|x86.ActiveCfg = Release|Win32
		{D3D5C599-CBCC-4A61-9B61-779127023866}.Release|x86.Build.0 = Release|Win32
		{D3D5C599-CBCC-4A61-9B61-779127023866}.Template|x86.ActiveCfg = Template|Win32
		{D3D5C599-CBCC-4A61-9B61-779127023866}.Template|x86.Build.0 = Template|Win32
		{284029D1-4032-4477-A8E7-F279CD5BD5E2}.Debug|x86.ActiveCfg = Debug|Win32
		{284029D1-4032-4477-A8E7-F279CD5BD5E2}.Debug|x86.Build.0 = Debug|Win32
		{284029D1-4032-4477-A8E7-F279CD5BD5E2}.Release|x86.ActiveCfg = Release|Win32
		{284029D1-4032-4477-A8E7-F279CD5BD5E2}.Release|x86.Build.0 = Release|Win32
		{284029D1-4032-4477-A8E7-F279CD5BD5E2}.Template|x86.ActiveCfg = Template|Win32
		{284029D1-4032-4477-A8E7-F279CD5BD5E2}.Template|x86.Build.0 = Template|Win32
		{55537C0B-52F8-4814-9134-ABB7AB648195}.Debug|x86.ActiveCfg = Debug|Win32
		{55537C0B-52F8-4814-9134-ABB7AB648195}.Debug|x86.Build.0 = Debug|Win32
		{55537C0B-52F8-4814-9134-ABB7AB648195}.Release|x86.ActiveCfg = Release|Win32
		{55537C0B-52F8-4814-9134-ABB7AB648195}.Release|x86.Build.0 = Release|Win32
		{55537C0B-52F8-4814-9134-ABB7AB648195}.Template|x86.ActiveCfg = Template|Win32
		{55537C0B-52F8-4814-9134-ABB7AB648195}.Template|x86.Build.0 = Template|Win32
		{4D179137-AA66-4D4A-B188-E95CF232C3C6}.Debug|x86.ActiveCfg = Debug|Win32
		{4D179137-AA66-4D4A-B188-E95CF232C3C6}.Debug|x86.Build.0 = Debug|Win32
		{4D179137-AA66-4D4A-B188-E95CF232C3C6}.Release|x86.ActiveCfg = Release|Win32
		{4D179137-AA66-4D4A-B188-E95CF232C3C6}.Release|x86.Build.0 = Release|Win32
		{4D179137-AA66-4D4A-B188-E95CF232C3C6}.Template|x86.ActiveCfg = Template|Win32
		{4D179137-AA66-4D4A-B188-E95CF232C3C6}.Template|x86.Build.0 = Template|Win32
		{0162BC87-EF43-4197-B9BB-093640A77BEA}.Debug|x86.ActiveCfg = Debug|Win32
		{0162BC87-EF43-4197-B9BB-093640A77BEA}.Debug|x86.Build.0 = Debug|Win32
		{0162BC87-EF43-4197-B9BB-093640A77BEA}.Release|x86.ActiveCfg = Release|Win32
		{0162BC87-EF43-4197-B9BB-093640A77BEA}.Release|x86.Build.0 = Release|Win32
		{0162BC87-EF43-4197-B9BB-093640A77BEA}.Template|x86.ActiveCfg = Template|Win32
		{0162BC87-EF43-4197-B9BB-093640A77BEA}.Template|x86.Build.0 = Template|Win32
		{18B88EE4-3ABC-4646-85E8-0FD7B38CD444}.Debug|x86.ActiveCfg = Debug|Win32
		{18B88EE4-3ABC-4646-85E8-0FD7B38CD444}.Debug|x86.Build.0 = Debug|Win32
		{18B88EE4-3ABC-4646-85E8-0FD7B38CD444}.Release|x86.ActiveCfg = Release|Win32
		{18B88EE4-3ABC-4646-85E8-0FD7B38CD444}.Release|x86.Build.0 = Release|Win32
		{18B88EE4-3ABC-4646-85E8-0FD7B38CD444}.Template|x86.ActiveCfg = Template|Win32
		{18B88EE4-3ABC-4646-85E8-0FD7B38CD444}.Template|x86.Build.0 = Template|Win32
		{B239531D-C2A7-42F5-9BF9-4D1BCACF3624}.Debug|x86.ActiveCfg = Debug|Win32
		{B239531D-C2A7-42F5-9BF9-4D1BCACF3624}.Debug|x86.Build.0 = Debug|Win32
		{B239531D-C2A7-42F5-9BF9-4D1BCACF3624}.Release|x86.ActiveCfg = Release|Win32
		{B239531D-C2A7-42F5-9BF9-4D1BCACF3624}.Release|x86.Build.0 = Release|Win32
		{B239531D-C2A7-42F5-9BF9-4D1BCACF3624}.Template|x86.ActiveCfg = Template|Win32
		{B239531D-C2A7-42F5-9BF9-4D1BCACF3624}.Template|x86.Build.0 = Template|Win32
		{3DDA1FBF-8AA4-43D3-8D91-F3EA06DCA594}.Debug|x86.ActiveCfg = Debug|Win32
		{3DDA1FBF-8AA4-43D3-8D91-F3EA06DCA594}.Debug|x86.Build.0 = Debug|Win32
		{3DDA1FBF-8AA4-43D3-8D91-F3EA06DCA594}.Release|x86.ActiveCfg = Release|Win32
		{3DDA1FBF-8AA4-43D3-8D91-F3EA06DCA594}.Release|x86.Build.0 = Release|Win32
		{3DDA1FBF-8AA4-43D3-8D91-F3EA06DCA594}.Template|x86.ActiveCfg = Template|Win32
		{3DDA1FBF-8AA4-43D3-8D91-F3EA06DCA594}.Template|x86.Build.0 = Template|Win32
		{D20E1D1F-2677-425F-846E-4E1BDDA73DC3}.Debug|x86.ActiveCfg = Debug|Win32
		{D20E1D1F-2677-425F-846E-4E1BDDA73DC3}.Debug|x86.Build.0 = Debug|Win32
		{D20E1D1F-2677-425F-846E-4E1BDDA73DC3}.Release|x86.ActiveCfg = Release|Win32
		{D20E1D1F-2677-425F-846E-4E1BDDA73DC3}.Release|x86.Build.0 = Release|Win32
		{D20E1D1F-2677-425F-846E-4E1BDDA73DC3}.Template|x86.ActiveCfg = Template|Win32
		{D20E1D1F-2677-425F-846E-4E1BDDA73DC3}.Template|x86.Build.0 = Template|Win32
		{E56C714F-810A-4B0D-95E8-FE4D4062DB89}.Debug|x86.ActiveCfg = Debug|Win32
		{E56C714F-810A-4B0D-95E8-FE4D4062DB89}.Debug|x86.Build.0 = Debug|Win32
		{E56C714F-810A-4B0D-95E8-FE4D4062DB89}.Release|x86.ActiveCfg = Release|Win32
		{E56C714F-810A-4B0D-95E8-FE4D4062DB89}.Release|x86.Build.0 = Release|Win32
		{E56C714F-810A-4B0D-95E8-FE4D4062DB89}.Template|x86.ActiveCfg = Template|Win32
		{E56C714F-810A-4B0D-95E8-FE4D4062DB89}.Template|x86.Build.0 = Template|Win32
		{9C1C0109-62C4-4B36-8472-F5DB9EB15460}.Debug|x86.ActiveCfg = Debug|Win32
		{9C1C0109-62C4-4B36-8472-F5DB9EB15460}.Debug|x86.Build.0 = Debug|Win32
		{9C1C0109-62C4-4B36-8472-F5DB9EB15460}.Release|x86.ActiveCfg = Release|Win32
		{9C1C0109-62C4-4B36-8472-F5DB9EB15460}.Release|x86.Build.0 = Release|Win32
		{9C1C0109-62C4-4B36-8472-F5DB9EB15460}.Template|x86.ActiveCfg = Template|Win32
		{9C1C0109-62C4-4B36-8472-F5DB9EB15460}.Template|x86.Build.0 = Template|Win32
		{0F05074D-E7F7-46D0-9523-C416989362DD}.Debug|x86.ActiveCfg = Debug|Win32
		{0F05074D-E7F7-46D0-9523-C416989362DD}.Debug|x86.Build.0 = Debug|Win32
		{0F05074D-E7F7-46D0-9523-C416989362DD}.Release|x86.ActiveCfg = Release|Win32
		{0F05074D-E7F7-46D0-9523-C416989362DD}.Release|x86.Build.0 = Release|Win32
		{0F05074D-E7F7-46D0-9523-C416989362DD}.Template|x86.ActiveCfg = Template|Win32
		{0F05074D-E7F7-46D0-9523-C416989362DD}.Template|x86.Build.0 = Template|Win32
		{6F7CA2EC-92DB-423E-AD42-27BD4A99E0AA}.Debug|x86.ActiveCfg = Debug|Win32
		{6F7CA2EC-92DB-423E-AD42-27BD4A99E0AA}.Debug|x86.Build.0 = Debug|Win32
		{6F7CA2EC-92DB-423E-AD42-27BD4A99E0AA}.Release|x86.ActiveCfg = Release|Win32
		{6F7CA2EC-92DB-423E-AD42-27BD4A99E0AA}.Release|x86.Build.0 = Release|Win32
		{6F7CA2EC-92DB-423E-AD42-27BD4A99E0AA}.Template|x86.ActiveCfg = Template|Win32
		{6F7CA2EC-92DB-423E-AD42-27BD4A99E0AA}.Template|x86.Build.0 = Template|Win32
	EndGlobalSection
	GlobalSection(SolutionProperties) = preSolution
		HideSolutionNode = FALSE
	EndGlobalSection
	GlobalSection(ExtensibilityGlobals) = postSolution
		SolutionGuid = {26CDD2AC-9CF5-4E9E-8F80-13D5B2BBF791}
	EndGlobalSection
EndGlobal
