
Microsoft Visual Studio Solution File, Format Version 12.00
# Visual Studio Version 16
VisualStudioVersion = 16.0.28803.202
MinimumVisualStudioVersion = 10.0.40219.1
Project("{8BC9CEB8-8B4A-11D0-8D11-00A0C91BC942}") = "Ex_12", "Ex_12\Ex_12.vcxproj", "{413FEF12-144C-4350-97C4-C86E1518BE3E}"
EndProject
Global
	GlobalSection(SolutionConfigurationPlatforms) = preSolution
		Debug|x64 = Debug|x64
		Debug|x86 = Debug|x86
		Release|x64 = Release|x64
		Release|x86 = Release|x86
	EndGlobalSection
	GlobalSection(ProjectConfigurationPlatforms) = postSolution
		{413FEF12-144C-4350-97C4-C86E1518BE3E}.Debug|x64.ActiveCfg = Debug|x64
		{413FEF12-144C-4350-97C4-C86E1518BE3E}.Debug|x64.Build.0 = Debug|x64
		{413FEF12-144C-4350-97C4-C86E1518BE3E}.Debug|x86.ActiveCfg = Debug|Win32
		{413FEF12-144C-4350-97C4-C86E1518BE3E}.Debug|x86.Build.0 = Debug|Win32
		{413FEF12-144C-4350-97C4-C86E1518BE3E}.Release|x64.ActiveCfg = Release|x64
		{413FEF12-144C-4350-97C4-C86E1518BE3E}.Release|x64.Build.0 = Release|x64
		{413FEF12-144C-4350-97C4-C86E1518BE3E}.Release|x86.ActiveCfg = Release|Win32
		{413FEF12-144C-4350-97C4-C86E1518BE3E}.Release|x86.Build.0 = Release|Win32
	EndGlobalSection
	GlobalSection(SolutionProperties) = preSolution
		HideSolutionNode = FALSE
	EndGlobalSection
	GlobalSection(ExtensibilityGlobals) = postSolution
		SolutionGuid = {B80185BD-6FD8-4CD0-B64F-699B12C0D3EC}
	EndGlobalSection
EndGlobal
