
Microsoft Visual Studio Solution File, Format Version 12.00
# Visual Studio Version 16
VisualStudioVersion = 16.0.30011.22
MinimumVisualStudioVersion = 10.0.40219.1
Project("{8BC9CEB8-8B4A-11D0-8D11-00A0C91BC942}") = "Drill", "Drill\Drill.vcxproj", "{19DD8F23-20D9-401A-A218-DF0C72EE8B49}"
EndProject
Global
	GlobalSection(SolutionConfigurationPlatforms) = preSolution
		Debug|x64 = Debug|x64
		Debug|x86 = Debug|x86
		Release|x64 = Release|x64
		Release|x86 = Release|x86
	EndGlobalSection
	GlobalSection(ProjectConfigurationPlatforms) = postSolution
		{19DD8F23-20D9-401A-A218-DF0C72EE8B49}.Debug|x64.ActiveCfg = Debug|x64
		{19DD8F23-20D9-401A-A218-DF0C72EE8B49}.Debug|x64.Build.0 = Debug|x64
		{19DD8F23-20D9-401A-A218-DF0C72EE8B49}.Debug|x86.ActiveCfg = Debug|Win32
		{19DD8F23-20D9-401A-A218-DF0C72EE8B49}.Debug|x86.Build.0 = Debug|Win32
		{19DD8F23-20D9-401A-A218-DF0C72EE8B49}.Release|x64.ActiveCfg = Release|x64
		{19DD8F23-20D9-401A-A218-DF0C72EE8B49}.Release|x64.Build.0 = Release|x64
		{19DD8F23-20D9-401A-A218-DF0C72EE8B49}.Release|x86.ActiveCfg = Release|Win32
		{19DD8F23-20D9-401A-A218-DF0C72EE8B49}.Release|x86.Build.0 = Release|Win32
	EndGlobalSection
	GlobalSection(SolutionProperties) = preSolution
		HideSolutionNode = FALSE
	EndGlobalSection
	GlobalSection(ExtensibilityGlobals) = postSolution
		SolutionGuid = {CF8ECD60-3FE1-4D94-89DB-6082A8023E41}
	EndGlobalSection
EndGlobal
