
Microsoft Visual Studio Solution File, Format Version 12.00
# Visual Studio Version 16
VisualStudioVersion = 16.0.28922.388
MinimumVisualStudioVersion = 10.0.40219.1
Project("{8BC9CEB8-8B4A-11D0-8D11-00A0C91BC942}") = "Ex_12", "Ex_12\Ex_12.vcxproj", "{2D73B336-C733-4996-86FB-476E117D197E}"
EndProject
Global
	GlobalSection(SolutionConfigurationPlatforms) = preSolution
		Debug|x64 = Debug|x64
		Debug|x86 = Debug|x86
		Release|x64 = Release|x64
		Release|x86 = Release|x86
	EndGlobalSection
	GlobalSection(ProjectConfigurationPlatforms) = postSolution
		{2D73B336-C733-4996-86FB-476E117D197E}.Debug|x64.ActiveCfg = Debug|x64
		{2D73B336-C733-4996-86FB-476E117D197E}.Debug|x64.Build.0 = Debug|x64
		{2D73B336-C733-4996-86FB-476E117D197E}.Debug|x86.ActiveCfg = Debug|Win32
		{2D73B336-C733-4996-86FB-476E117D197E}.Debug|x86.Build.0 = Debug|Win32
		{2D73B336-C733-4996-86FB-476E117D197E}.Release|x64.ActiveCfg = Release|x64
		{2D73B336-C733-4996-86FB-476E117D197E}.Release|x64.Build.0 = Release|x64
		{2D73B336-C733-4996-86FB-476E117D197E}.Release|x86.ActiveCfg = Release|Win32
		{2D73B336-C733-4996-86FB-476E117D197E}.Release|x86.Build.0 = Release|Win32
	EndGlobalSection
	GlobalSection(SolutionProperties) = preSolution
		HideSolutionNode = FALSE
	EndGlobalSection
	GlobalSection(ExtensibilityGlobals) = postSolution
		SolutionGuid = {068697E2-1425-4021-B70C-FAF3EE60CFD8}
	EndGlobalSection
EndGlobal
