
Microsoft Visual Studio Solution File, Format Version 12.00
# Visual Studio 15
VisualStudioVersion = 15.0.28307.539
MinimumVisualStudioVersion = 10.0.40219.1
Project("{8BC9CEB8-8B4A-11D0-8D11-00A0C91BC942}") = "Ex_13", "Ex_13\Ex_13.vcxproj", "{AD42DDD1-7298-4E0F-B65D-53ADCFA58089}"
EndProject
Global
	GlobalSection(SolutionConfigurationPlatforms) = preSolution
		Debug|x64 = Debug|x64
		Debug|x86 = Debug|x86
		Release|x64 = Release|x64
		Release|x86 = Release|x86
	EndGlobalSection
	GlobalSection(ProjectConfigurationPlatforms) = postSolution
		{AD42DDD1-7298-4E0F-B65D-53ADCFA58089}.Debug|x64.ActiveCfg = Debug|x64
		{AD42DDD1-7298-4E0F-B65D-53ADCFA58089}.Debug|x64.Build.0 = Debug|x64
		{AD42DDD1-7298-4E0F-B65D-53ADCFA58089}.Debug|x86.ActiveCfg = Debug|Win32
		{AD42DDD1-7298-4E0F-B65D-53ADCFA58089}.Debug|x86.Build.0 = Debug|Win32
		{AD42DDD1-7298-4E0F-B65D-53ADCFA58089}.Release|x64.ActiveCfg = Release|x64
		{AD42DDD1-7298-4E0F-B65D-53ADCFA58089}.Release|x64.Build.0 = Release|x64
		{AD42DDD1-7298-4E0F-B65D-53ADCFA58089}.Release|x86.ActiveCfg = Release|Win32
		{AD42DDD1-7298-4E0F-B65D-53ADCFA58089}.Release|x86.Build.0 = Release|Win32
	EndGlobalSection
	GlobalSection(SolutionProperties) = preSolution
		HideSolutionNode = FALSE
	EndGlobalSection
	GlobalSection(ExtensibilityGlobals) = postSolution
		SolutionGuid = {0EDB2B40-4B8F-4DCD-A701-5B98FB68947B}
	EndGlobalSection
EndGlobal
