
Microsoft Visual Studio Solution File, Format Version 12.00
# Visual Studio Version 16
VisualStudioVersion = 16.0.29009.5
MinimumVisualStudioVersion = 10.0.40219.1
Project("{8BC9CEB8-8B4A-11D0-8D11-00A0C91BC942}") = "Ex_02", "Ex_02\Ex_02.vcxproj", "{28A0BCEF-DAD1-4516-BECB-A4F6DAC275DA}"
EndProject
Global
	GlobalSection(SolutionConfigurationPlatforms) = preSolution
		Debug|x64 = Debug|x64
		Debug|x86 = Debug|x86
		Release|x64 = Release|x64
		Release|x86 = Release|x86
	EndGlobalSection
	GlobalSection(ProjectConfigurationPlatforms) = postSolution
		{28A0BCEF-DAD1-4516-BECB-A4F6DAC275DA}.Debug|x64.ActiveCfg = Debug|x64
		{28A0BCEF-DAD1-4516-BECB-A4F6DAC275DA}.Debug|x64.Build.0 = Debug|x64
		{28A0BCEF-DAD1-4516-BECB-A4F6DAC275DA}.Debug|x86.ActiveCfg = Debug|Win32
		{28A0BCEF-DAD1-4516-BECB-A4F6DAC275DA}.Debug|x86.Build.0 = Debug|Win32
		{28A0BCEF-DAD1-4516-BECB-A4F6DAC275DA}.Release|x64.ActiveCfg = Release|x64
		{28A0BCEF-DAD1-4516-BECB-A4F6DAC275DA}.Release|x64.Build.0 = Release|x64
		{28A0BCEF-DAD1-4516-BECB-A4F6DAC275DA}.Release|x86.ActiveCfg = Release|Win32
		{28A0BCEF-DAD1-4516-BECB-A4F6DAC275DA}.Release|x86.Build.0 = Release|Win32
	EndGlobalSection
	GlobalSection(SolutionProperties) = preSolution
		HideSolutionNode = FALSE
	EndGlobalSection
	GlobalSection(ExtensibilityGlobals) = postSolution
		SolutionGuid = {DBC0B806-F65D-448A-8F94-C33427DBD24A}
	EndGlobalSection
EndGlobal
