
Microsoft Visual Studio Solution File, Format Version 12.00
# Visual Studio Version 16
VisualStudioVersion = 16.0.28803.202
MinimumVisualStudioVersion = 10.0.40219.1
Project("{8BC9CEB8-8B4A-11D0-8D11-00A0C91BC942}") = "Ex_05", "Ex_05\Ex_05.vcxproj", "{8702D34C-AC06-4E0F-BA16-6A3AF0F1F444}"
EndProject
Global
	GlobalSection(SolutionConfigurationPlatforms) = preSolution
		Debug|x64 = Debug|x64
		Debug|x86 = Debug|x86
		Release|x64 = Release|x64
		Release|x86 = Release|x86
	EndGlobalSection
	GlobalSection(ProjectConfigurationPlatforms) = postSolution
		{8702D34C-AC06-4E0F-BA16-6A3AF0F1F444}.Debug|x64.ActiveCfg = Debug|x64
		{8702D34C-AC06-4E0F-BA16-6A3AF0F1F444}.Debug|x64.Build.0 = Debug|x64
		{8702D34C-AC06-4E0F-BA16-6A3AF0F1F444}.Debug|x86.ActiveCfg = Debug|Win32
		{8702D34C-AC06-4E0F-BA16-6A3AF0F1F444}.Debug|x86.Build.0 = Debug|Win32
		{8702D34C-AC06-4E0F-BA16-6A3AF0F1F444}.Release|x64.ActiveCfg = Release|x64
		{8702D34C-AC06-4E0F-BA16-6A3AF0F1F444}.Release|x64.Build.0 = Release|x64
		{8702D34C-AC06-4E0F-BA16-6A3AF0F1F444}.Release|x86.ActiveCfg = Release|Win32
		{8702D34C-AC06-4E0F-BA16-6A3AF0F1F444}.Release|x86.Build.0 = Release|Win32
	EndGlobalSection
	GlobalSection(SolutionProperties) = preSolution
		HideSolutionNode = FALSE
	EndGlobalSection
	GlobalSection(ExtensibilityGlobals) = postSolution
		SolutionGuid = {BF47EFF9-9155-458A-BA4A-C0F91F991BB5}
	EndGlobalSection
EndGlobal
