
Microsoft Visual Studio Solution File, Format Version 12.00
# Visual Studio Version 16
VisualStudioVersion = 16.0.28922.388
MinimumVisualStudioVersion = 10.0.40219.1
Project("{8BC9CEB8-8B4A-11D0-8D11-00A0C91BC942}") = "Ex_04", "Ex_04\Ex_04.vcxproj", "{0ABA5AC3-2481-4C4B-9633-4B60586CC538}"
EndProject
Global
	GlobalSection(SolutionConfigurationPlatforms) = preSolution
		Debug|x64 = Debug|x64
		Debug|x86 = Debug|x86
		Release|x64 = Release|x64
		Release|x86 = Release|x86
	EndGlobalSection
	GlobalSection(ProjectConfigurationPlatforms) = postSolution
		{0ABA5AC3-2481-4C4B-9633-4B60586CC538}.Debug|x64.ActiveCfg = Debug|x64
		{0ABA5AC3-2481-4C4B-9633-4B60586CC538}.Debug|x64.Build.0 = Debug|x64
		{0ABA5AC3-2481-4C4B-9633-4B60586CC538}.Debug|x86.ActiveCfg = Debug|Win32
		{0ABA5AC3-2481-4C4B-9633-4B60586CC538}.Debug|x86.Build.0 = Debug|Win32
		{0ABA5AC3-2481-4C4B-9633-4B60586CC538}.Release|x64.ActiveCfg = Release|x64
		{0ABA5AC3-2481-4C4B-9633-4B60586CC538}.Release|x64.Build.0 = Release|x64
		{0ABA5AC3-2481-4C4B-9633-4B60586CC538}.Release|x86.ActiveCfg = Release|Win32
		{0ABA5AC3-2481-4C4B-9633-4B60586CC538}.Release|x86.Build.0 = Release|Win32
	EndGlobalSection
	GlobalSection(SolutionProperties) = preSolution
		HideSolutionNode = FALSE
	EndGlobalSection
	GlobalSection(ExtensibilityGlobals) = postSolution
		SolutionGuid = {9C791F80-6E46-49DC-AFAC-3ACCC1BBE5C4}
	EndGlobalSection
EndGlobal
