
Microsoft Visual Studio Solution File, Format Version 12.00
# Visual Studio Version 16
VisualStudioVersion = 16.0.28803.452
MinimumVisualStudioVersion = 10.0.40219.1
Project("{8BC9CEB8-8B4A-11D0-8D11-00A0C91BC942}") = "Ex_12", "Ex_12\Ex_12.vcxproj", "{3D9EF08D-3D73-4993-AFDD-59151C85ACE7}"
EndProject
Global
	GlobalSection(SolutionConfigurationPlatforms) = preSolution
		Debug|x64 = Debug|x64
		Debug|x86 = Debug|x86
		Release|x64 = Release|x64
		Release|x86 = Release|x86
	EndGlobalSection
	GlobalSection(ProjectConfigurationPlatforms) = postSolution
		{3D9EF08D-3D73-4993-AFDD-59151C85ACE7}.Debug|x64.ActiveCfg = Debug|x64
		{3D9EF08D-3D73-4993-AFDD-59151C85ACE7}.Debug|x64.Build.0 = Debug|x64
		{3D9EF08D-3D73-4993-AFDD-59151C85ACE7}.Debug|x86.ActiveCfg = Debug|Win32
		{3D9EF08D-3D73-4993-AFDD-59151C85ACE7}.Debug|x86.Build.0 = Debug|Win32
		{3D9EF08D-3D73-4993-AFDD-59151C85ACE7}.Release|x64.ActiveCfg = Release|x64
		{3D9EF08D-3D73-4993-AFDD-59151C85ACE7}.Release|x64.Build.0 = Release|x64
		{3D9EF08D-3D73-4993-AFDD-59151C85ACE7}.Release|x86.ActiveCfg = Release|Win32
		{3D9EF08D-3D73-4993-AFDD-59151C85ACE7}.Release|x86.Build.0 = Release|Win32
	EndGlobalSection
	GlobalSection(SolutionProperties) = preSolution
		HideSolutionNode = FALSE
	EndGlobalSection
	GlobalSection(ExtensibilityGlobals) = postSolution
		SolutionGuid = {37458AF3-35D7-4E6D-B097-5B3E2B7A49EA}
	EndGlobalSection
EndGlobal
