
Microsoft Visual Studio Solution File, Format Version 12.00
# Visual Studio Version 16
VisualStudioVersion = 16.0.30011.22
MinimumVisualStudioVersion = 10.0.40219.1
Project("{8BC9CEB8-8B4A-11D0-8D11-00A0C91BC942}") = "Ex_01", "Ex_01\Ex_01.vcxproj", "{E187DB12-1237-4C9C-8FD3-EA582C120A34}"
EndProject
Global
	GlobalSection(SolutionConfigurationPlatforms) = preSolution
		Debug|x64 = Debug|x64
		Debug|x86 = Debug|x86
		Release|x64 = Release|x64
		Release|x86 = Release|x86
	EndGlobalSection
	GlobalSection(ProjectConfigurationPlatforms) = postSolution
		{E187DB12-1237-4C9C-8FD3-EA582C120A34}.Debug|x64.ActiveCfg = Debug|x64
		{E187DB12-1237-4C9C-8FD3-EA582C120A34}.Debug|x64.Build.0 = Debug|x64
		{E187DB12-1237-4C9C-8FD3-EA582C120A34}.Debug|x86.ActiveCfg = Debug|Win32
		{E187DB12-1237-4C9C-8FD3-EA582C120A34}.Debug|x86.Build.0 = Debug|Win32
		{E187DB12-1237-4C9C-8FD3-EA582C120A34}.Release|x64.ActiveCfg = Release|x64
		{E187DB12-1237-4C9C-8FD3-EA582C120A34}.Release|x64.Build.0 = Release|x64
		{E187DB12-1237-4C9C-8FD3-EA582C120A34}.Release|x86.ActiveCfg = Release|Win32
		{E187DB12-1237-4C9C-8FD3-EA582C120A34}.Release|x86.Build.0 = Release|Win32
	EndGlobalSection
	GlobalSection(SolutionProperties) = preSolution
		HideSolutionNode = FALSE
	EndGlobalSection
	GlobalSection(ExtensibilityGlobals) = postSolution
		SolutionGuid = {74248F89-DC1E-49FF-9B2F-CD308A42DBA0}
	EndGlobalSection
EndGlobal
