
Microsoft Visual Studio Solution File, Format Version 12.00
# Visual Studio Version 16
VisualStudioVersion = 16.0.30002.166
MinimumVisualStudioVersion = 10.0.40219.1
Project("{8BC9CEB8-8B4A-11D0-8D11-00A0C91BC942}") = "Ex_03", "Ex_03\Ex_03.vcxproj", "{B0F90673-7DF5-46DF-8046-10E84B9297FF}"
EndProject
Global
	GlobalSection(SolutionConfigurationPlatforms) = preSolution
		Debug|x64 = Debug|x64
		Debug|x86 = Debug|x86
		Release|x64 = Release|x64
		Release|x86 = Release|x86
	EndGlobalSection
	GlobalSection(ProjectConfigurationPlatforms) = postSolution
		{B0F90673-7DF5-46DF-8046-10E84B9297FF}.Debug|x64.ActiveCfg = Debug|x64
		{B0F90673-7DF5-46DF-8046-10E84B9297FF}.Debug|x64.Build.0 = Debug|x64
		{B0F90673-7DF5-46DF-8046-10E84B9297FF}.Debug|x86.ActiveCfg = Debug|Win32
		{B0F90673-7DF5-46DF-8046-10E84B9297FF}.Debug|x86.Build.0 = Debug|Win32
		{B0F90673-7DF5-46DF-8046-10E84B9297FF}.Release|x64.ActiveCfg = Release|x64
		{B0F90673-7DF5-46DF-8046-10E84B9297FF}.Release|x64.Build.0 = Release|x64
		{B0F90673-7DF5-46DF-8046-10E84B9297FF}.Release|x86.ActiveCfg = Release|Win32
		{B0F90673-7DF5-46DF-8046-10E84B9297FF}.Release|x86.Build.0 = Release|Win32
	EndGlobalSection
	GlobalSection(SolutionProperties) = preSolution
		HideSolutionNode = FALSE
	EndGlobalSection
	GlobalSection(ExtensibilityGlobals) = postSolution
		SolutionGuid = {E2062C6A-A2E3-40EA-88D4-F9238DA1C7E7}
	EndGlobalSection
EndGlobal
