
Microsoft Visual Studio Solution File, Format Version 12.00
# Visual Studio Version 16
VisualStudioVersion = 16.0.30225.117
MinimumVisualStudioVersion = 10.0.40219.1
Project("{8BC9CEB8-8B4A-11D0-8D11-00A0C91BC942}") = "Ex_10", "Ex_10\Ex_10.vcxproj", "{982CD771-C8A0-4091-85E7-89D620AAACF1}"
EndProject
Global
	GlobalSection(SolutionConfigurationPlatforms) = preSolution
		Debug|x64 = Debug|x64
		Debug|x86 = Debug|x86
		Release|x64 = Release|x64
		Release|x86 = Release|x86
	EndGlobalSection
	GlobalSection(ProjectConfigurationPlatforms) = postSolution
		{982CD771-C8A0-4091-85E7-89D620AAACF1}.Debug|x64.ActiveCfg = Debug|x64
		{982CD771-C8A0-4091-85E7-89D620AAACF1}.Debug|x64.Build.0 = Debug|x64
		{982CD771-C8A0-4091-85E7-89D620AAACF1}.Debug|x86.ActiveCfg = Debug|Win32
		{982CD771-C8A0-4091-85E7-89D620AAACF1}.Debug|x86.Build.0 = Debug|Win32
		{982CD771-C8A0-4091-85E7-89D620AAACF1}.Release|x64.ActiveCfg = Release|x64
		{982CD771-C8A0-4091-85E7-89D620AAACF1}.Release|x64.Build.0 = Release|x64
		{982CD771-C8A0-4091-85E7-89D620AAACF1}.Release|x86.ActiveCfg = Release|Win32
		{982CD771-C8A0-4091-85E7-89D620AAACF1}.Release|x86.Build.0 = Release|Win32
	EndGlobalSection
	GlobalSection(SolutionProperties) = preSolution
		HideSolutionNode = FALSE
	EndGlobalSection
	GlobalSection(ExtensibilityGlobals) = postSolution
		SolutionGuid = {ECF68855-A342-4C04-A2B7-D50EBCCF91D8}
	EndGlobalSection
EndGlobal
