
Microsoft Visual Studio Solution File, Format Version 12.00
# Visual Studio Version 16
VisualStudioVersion = 16.0.29009.5
MinimumVisualStudioVersion = 10.0.40219.1
Project("{8BC9CEB8-8B4A-11D0-8D11-00A0C91BC942}") = "Ex_09", "Ex_09\Ex_09.vcxproj", "{56B98880-9D11-436C-A32C-CE4C81D749E1}"
EndProject
Global
	GlobalSection(SolutionConfigurationPlatforms) = preSolution
		Debug|x64 = Debug|x64
		Debug|x86 = Debug|x86
		Release|x64 = Release|x64
		Release|x86 = Release|x86
	EndGlobalSection
	GlobalSection(ProjectConfigurationPlatforms) = postSolution
		{56B98880-9D11-436C-A32C-CE4C81D749E1}.Debug|x64.ActiveCfg = Debug|x64
		{56B98880-9D11-436C-A32C-CE4C81D749E1}.Debug|x64.Build.0 = Debug|x64
		{56B98880-9D11-436C-A32C-CE4C81D749E1}.Debug|x86.ActiveCfg = Debug|Win32
		{56B98880-9D11-436C-A32C-CE4C81D749E1}.Debug|x86.Build.0 = Debug|Win32
		{56B98880-9D11-436C-A32C-CE4C81D749E1}.Release|x64.ActiveCfg = Release|x64
		{56B98880-9D11-436C-A32C-CE4C81D749E1}.Release|x64.Build.0 = Release|x64
		{56B98880-9D11-436C-A32C-CE4C81D749E1}.Release|x86.ActiveCfg = Release|Win32
		{56B98880-9D11-436C-A32C-CE4C81D749E1}.Release|x86.Build.0 = Release|Win32
	EndGlobalSection
	GlobalSection(SolutionProperties) = preSolution
		HideSolutionNode = FALSE
	EndGlobalSection
	GlobalSection(ExtensibilityGlobals) = postSolution
		SolutionGuid = {8FC4A03F-74F5-4BDA-B55B-D9D51EC62CAD}
	EndGlobalSection
EndGlobal
