
Microsoft Visual Studio Solution File, Format Version 12.00
# Visual Studio Version 16
VisualStudioVersion = 16.0.30114.105
MinimumVisualStudioVersion = 10.0.40219.1
Project("{8BC9CEB8-8B4A-11D0-8D11-00A0C91BC942}") = "Ex_13", "Ex_13\Ex_13.vcxproj", "{D4BCC8E4-76E3-440E-AE97-D408E3736821}"
EndProject
Global
	GlobalSection(SolutionConfigurationPlatforms) = preSolution
		Debug|x64 = Debug|x64
		Debug|x86 = Debug|x86
		Release|x64 = Release|x64
		Release|x86 = Release|x86
	EndGlobalSection
	GlobalSection(ProjectConfigurationPlatforms) = postSolution
		{D4BCC8E4-76E3-440E-AE97-D408E3736821}.Debug|x64.ActiveCfg = Debug|x64
		{D4BCC8E4-76E3-440E-AE97-D408E3736821}.Debug|x64.Build.0 = Debug|x64
		{D4BCC8E4-76E3-440E-AE97-D408E3736821}.Debug|x86.ActiveCfg = Debug|Win32
		{D4BCC8E4-76E3-440E-AE97-D408E3736821}.Debug|x86.Build.0 = Debug|Win32
		{D4BCC8E4-76E3-440E-AE97-D408E3736821}.Release|x64.ActiveCfg = Release|x64
		{D4BCC8E4-76E3-440E-AE97-D408E3736821}.Release|x64.Build.0 = Release|x64
		{D4BCC8E4-76E3-440E-AE97-D408E3736821}.Release|x86.ActiveCfg = Release|Win32
		{D4BCC8E4-76E3-440E-AE97-D408E3736821}.Release|x86.Build.0 = Release|Win32
	EndGlobalSection
	GlobalSection(SolutionProperties) = preSolution
		HideSolutionNode = FALSE
	EndGlobalSection
	GlobalSection(ExtensibilityGlobals) = postSolution
		SolutionGuid = {AEF5BD81-8C7E-4BDC-B987-3E0454128745}
	EndGlobalSection
EndGlobal
