
Microsoft Visual Studio Solution File, Format Version 12.00
# Visual Studio Version 16
VisualStudioVersion = 16.0.28803.202
MinimumVisualStudioVersion = 10.0.40219.1
Project("{8BC9CEB8-8B4A-11D0-8D11-00A0C91BC942}") = "Ex_14", "Ex_14\Ex_14.vcxproj", "{A935AD11-9585-4CAB-9782-708257D6071E}"
EndProject
Global
	GlobalSection(SolutionConfigurationPlatforms) = preSolution
		Debug|x64 = Debug|x64
		Debug|x86 = Debug|x86
		Release|x64 = Release|x64
		Release|x86 = Release|x86
	EndGlobalSection
	GlobalSection(ProjectConfigurationPlatforms) = postSolution
		{A935AD11-9585-4CAB-9782-708257D6071E}.Debug|x64.ActiveCfg = Debug|x64
		{A935AD11-9585-4CAB-9782-708257D6071E}.Debug|x64.Build.0 = Debug|x64
		{A935AD11-9585-4CAB-9782-708257D6071E}.Debug|x86.ActiveCfg = Debug|Win32
		{A935AD11-9585-4CAB-9782-708257D6071E}.Debug|x86.Build.0 = Debug|Win32
		{A935AD11-9585-4CAB-9782-708257D6071E}.Release|x64.ActiveCfg = Release|x64
		{A935AD11-9585-4CAB-9782-708257D6071E}.Release|x64.Build.0 = Release|x64
		{A935AD11-9585-4CAB-9782-708257D6071E}.Release|x86.ActiveCfg = Release|Win32
		{A935AD11-9585-4CAB-9782-708257D6071E}.Release|x86.Build.0 = Release|Win32
	EndGlobalSection
	GlobalSection(SolutionProperties) = preSolution
		HideSolutionNode = FALSE
	EndGlobalSection
	GlobalSection(ExtensibilityGlobals) = postSolution
		SolutionGuid = {55F2D7AB-7B54-40F7-880E-604287E1F000}
	EndGlobalSection
EndGlobal
