
Microsoft Visual Studio Solution File, Format Version 12.00
# Visual Studio 15
VisualStudioVersion = 15.0.28307.539
MinimumVisualStudioVersion = 10.0.40219.1
Project("{8BC9CEB8-8B4A-11D0-8D11-00A0C91BC942}") = "Ex_09", "Ex_09\Ex_09.vcxproj", "{88B1F526-1129-443D-BAA8-FF122486DBAA}"
EndProject
Global
	GlobalSection(SolutionConfigurationPlatforms) = preSolution
		Debug|x64 = Debug|x64
		Debug|x86 = Debug|x86
		Release|x64 = Release|x64
		Release|x86 = Release|x86
	EndGlobalSection
	GlobalSection(ProjectConfigurationPlatforms) = postSolution
		{88B1F526-1129-443D-BAA8-FF122486DBAA}.Debug|x64.ActiveCfg = Debug|x64
		{88B1F526-1129-443D-BAA8-FF122486DBAA}.Debug|x64.Build.0 = Debug|x64
		{88B1F526-1129-443D-BAA8-FF122486DBAA}.Debug|x86.ActiveCfg = Debug|Win32
		{88B1F526-1129-443D-BAA8-FF122486DBAA}.Debug|x86.Build.0 = Debug|Win32
		{88B1F526-1129-443D-BAA8-FF122486DBAA}.Release|x64.ActiveCfg = Release|x64
		{88B1F526-1129-443D-BAA8-FF122486DBAA}.Release|x64.Build.0 = Release|x64
		{88B1F526-1129-443D-BAA8-FF122486DBAA}.Release|x86.ActiveCfg = Release|Win32
		{88B1F526-1129-443D-BAA8-FF122486DBAA}.Release|x86.Build.0 = Release|Win32
	EndGlobalSection
	GlobalSection(SolutionProperties) = preSolution
		HideSolutionNode = FALSE
	EndGlobalSection
	GlobalSection(ExtensibilityGlobals) = postSolution
		SolutionGuid = {7FB97009-594B-4F18-AFCB-FE96299ABAC2}
	EndGlobalSection
EndGlobal
